// !$*UTF8*$!
{
	archiveVersion = 1;
	classes = {
	};
	objectVersion = 46;
	objects = {

/* Begin PBXBuildFile section */
		1F0EC68F16D9430D00427B4C /* GPDocument.xcdatamodel in Sources */ = {isa = PBXBuildFile; fileRef = 1F0EC68E16D9430D00427B4C /* GPDocument.xcdatamodel */; };
		1F0EC69A16D945B500427B4C /* add_main_variety.jpg in Resources */ = {isa = PBXBuildFile; fileRef = 1F0EC69316D945B500427B4C /* add_main_variety.jpg */; };
		1F0EC69B16D945B500427B4C /* add_minor_variation.jpg in Resources */ = {isa = PBXBuildFile; fileRef = 1F0EC69416D945B500427B4C /* add_minor_variation.jpg */; };
		1F0EC69C16D945B500427B4C /* add_subvariety.jpg in Resources */ = {isa = PBXBuildFile; fileRef = 1F0EC69516D945B500427B4C /* add_subvariety.jpg */; };
		1F0EC69D16D945B500427B4C /* blank_stamp.jpg in Resources */ = {isa = PBXBuildFile; fileRef = 1F0EC69616D945B500427B4C /* blank_stamp.jpg */; };
		1F0EC69E16D945B500427B4C /* duplicate_stamp.jpg in Resources */ = {isa = PBXBuildFile; fileRef = 1F0EC69716D945B500427B4C /* duplicate_stamp.jpg */; };
		1F0EC69F16D945B500427B4C /* modify_stamp.jpg in Resources */ = {isa = PBXBuildFile; fileRef = 1F0EC69816D945B500427B4C /* modify_stamp.jpg */; };
		1F0EC6A016D945B500427B4C /* remove_stamp.jpg in Resources */ = {isa = PBXBuildFile; fileRef = 1F0EC69916D945B500427B4C /* remove_stamp.jpg */; };
		1F0EC6F516D9467B00427B4C /* AlternateCatalog.m in Sources */ = {isa = PBXBuildFile; fileRef = 1F0EC6A216D9467B00427B4C /* AlternateCatalog.m */; };
		1F0EC6F616D9467B00427B4C /* AlternateCatalogGroup.m in Sources */ = {isa = PBXBuildFile; fileRef = 1F0EC6A416D9467B00427B4C /* AlternateCatalogGroup.m */; };
		1F0EC6F716D9467B00427B4C /* AlternateCatalogName.m in Sources */ = {isa = PBXBuildFile; fileRef = 1F0EC6A616D9467B00427B4C /* AlternateCatalogName.m */; };
		1F0EC6F916D9467B00427B4C /* Cachet.m in Sources */ = {isa = PBXBuildFile; fileRef = 1F0EC6AA16D9467B00427B4C /* Cachet.m */; };
		1F0EC6FA16D9467B00427B4C /* CachetCatalogName.m in Sources */ = {isa = PBXBuildFile; fileRef = 1F0EC6AC16D9467B00427B4C /* CachetCatalogName.m */; };
		1F0EC6FB16D9467B00427B4C /* CachetMakerName.m in Sources */ = {isa = PBXBuildFile; fileRef = 1F0EC6AE16D9467B00427B4C /* CachetMakerName.m */; };
		1F0EC6FD16D9467B00427B4C /* CancelQuality.m in Sources */ = {isa = PBXBuildFile; fileRef = 1F0EC6B216D9467B00427B4C /* CancelQuality.m */; };
		1F0EC6FE16D9467B00427B4C /* Centering.m in Sources */ = {isa = PBXBuildFile; fileRef = 1F0EC6B416D9467B00427B4C /* Centering.m */; };
		1F0EC6FF16D9467B00427B4C /* Country.m in Sources */ = {isa = PBXBuildFile; fileRef = 1F0EC6B616D9467B00427B4C /* Country.m */; };
		1F0EC70016D9467B00427B4C /* Dealer.m in Sources */ = {isa = PBXBuildFile; fileRef = 1F0EC6B816D9467B00427B4C /* Dealer.m */; };
		1F0EC70116D9467B00427B4C /* FDCIssueLocation.m in Sources */ = {isa = PBXBuildFile; fileRef = 1F0EC6BA16D9467B00427B4C /* FDCIssueLocation.m */; };
		1F0EC70216D9467B00427B4C /* FirstFlight.m in Sources */ = {isa = PBXBuildFile; fileRef = 1F0EC6BC16D9467B00427B4C /* FirstFlight.m */; };
		1F0EC70316D9467B00427B4C /* Format.m in Sources */ = {isa = PBXBuildFile; fileRef = 1F0EC6BE16D9467B00427B4C /* Format.m */; };
		1F0EC70416D9467B00427B4C /* GPAddSubvariety.m in Sources */ = {isa = PBXBuildFile; fileRef = 1F0EC6C016D9467B00427B4C /* GPAddSubvariety.m */; };
		1F0EC70516D9467B00427B4C /* GPCatalog.m in Sources */ = {isa = PBXBuildFile; fileRef = 1F0EC6C216D9467B00427B4C /* GPCatalog.m */; };
		1F0EC70616D9467B00427B4C /* GPCatalog+Create.m in Sources */ = {isa = PBXBuildFile; fileRef = 1F0EC6C416D9467B00427B4C /* GPCatalog+Create.m */; };
		1F0EC70716D9467B00427B4C /* GPCatalog+Duplicate.m in Sources */ = {isa = PBXBuildFile; fileRef = 1F0EC6C616D9467B00427B4C /* GPCatalog+Duplicate.m */; };
		1F0EC70816D9467B00427B4C /* GPCatalogGroup.m in Sources */ = {isa = PBXBuildFile; fileRef = 1F0EC6C816D9467B00427B4C /* GPCatalogGroup.m */; };
		1F0EC70916D9467B00427B4C /* GPCatalogSet.m in Sources */ = {isa = PBXBuildFile; fileRef = 1F0EC6CA16D9467B00427B4C /* GPCatalogSet.m */; };
		1F0EC70A16D9467B00427B4C /* GPCollection.m in Sources */ = {isa = PBXBuildFile; fileRef = 1F0EC6CC16D9467B00427B4C /* GPCollection.m */; };
		1F0EC70B16D9467B00427B4C /* GPPicture.m in Sources */ = {isa = PBXBuildFile; fileRef = 1F0EC6CE16D9467B00427B4C /* GPPicture.m */; };
		1F0EC70C16D9467B00427B4C /* Grade.m in Sources */ = {isa = PBXBuildFile; fileRef = 1F0EC6D016D9467B00427B4C /* Grade.m */; };
		1F0EC70D16D9467B00427B4C /* GumCondition.m in Sources */ = {isa = PBXBuildFile; fileRef = 1F0EC6D216D9467B00427B4C /* GumCondition.m */; };
		1F0EC70E16D9467B00427B4C /* Hinged.m in Sources */ = {isa = PBXBuildFile; fileRef = 1F0EC6D416D9467B00427B4C /* Hinged.m */; };
		1F0EC70F16D9467B00427B4C /* LocalPrecancel.m in Sources */ = {isa = PBXBuildFile; fileRef = 1F0EC6D616D9467B00427B4C /* LocalPrecancel.m */; };
		1F0EC71016D9467B00427B4C /* Location.m in Sources */ = {isa = PBXBuildFile; fileRef = 1F0EC6D816D9467B00427B4C /* Location.m */; };
		1F0EC71116D9467B00427B4C /* LooksLike.m in Sources */ = {isa = PBXBuildFile; fileRef = 1F0EC6DA16D9467B00427B4C /* LooksLike.m */; };
		1F0EC71216D9467B00427B4C /* Lot.m in Sources */ = {isa = PBXBuildFile; fileRef = 1F0EC6DC16D9467B00427B4C /* Lot.m */; };
		1F0EC71316D9467B00427B4C /* Mount.m in Sources */ = {isa = PBXBuildFile; fileRef = 1F0EC6DE16D9467B00427B4C /* Mount.m */; };
		1F0EC71416D9467B00427B4C /* Perfin.m in Sources */ = {isa = PBXBuildFile; fileRef = 1F0EC6E016D9467B00427B4C /* Perfin.m */; };
		1F0EC71516D9467B00427B4C /* PictureType.m in Sources */ = {isa = PBXBuildFile; fileRef = 1F0EC6E216D9467B00427B4C /* PictureType.m */; };
		1F0EC71616D9467B00427B4C /* PlateNumber.m in Sources */ = {isa = PBXBuildFile; fileRef = 1F0EC6E416D9467B00427B4C /* PlateNumber.m */; };
		1F0EC71716D9467B00427B4C /* PlateNumberInfo.m in Sources */ = {isa = PBXBuildFile; fileRef = 1F0EC6E616D9467B00427B4C /* PlateNumberInfo.m */; };
		1F0EC71816D9467B00427B4C /* PlatePosition.m in Sources */ = {isa = PBXBuildFile; fileRef = 1F0EC6E816D9467B00427B4C /* PlatePosition.m */; };
		1F0EC71916D9467B00427B4C /* PlateUsage.m in Sources */ = {isa = PBXBuildFile; fileRef = 1F0EC6EA16D9467B00427B4C /* PlateUsage.m */; };
		1F0EC71A16D9467B00427B4C /* Soundness.m in Sources */ = {isa = PBXBuildFile; fileRef = 1F0EC6EC16D9467B00427B4C /* Soundness.m */; };
		1F0EC71B16D9467B00427B4C /* Stamp.m in Sources */ = {isa = PBXBuildFile; fileRef = 1F0EC6EE16D9467B00427B4C /* Stamp.m */; };
		1F0EC71C16D9467B00427B4C /* StampFormat.m in Sources */ = {isa = PBXBuildFile; fileRef = 1F0EC6F016D9467B00427B4C /* StampFormat.m */; };
		1F0EC71D16D9467B00427B4C /* Topic.m in Sources */ = {isa = PBXBuildFile; fileRef = 1F0EC6F216D9467B00427B4C /* Topic.m */; };
		1F0EC71E16D9467B00427B4C /* Valuation.m in Sources */ = {isa = PBXBuildFile; fileRef = 1F0EC6F416D9467B00427B4C /* Valuation.m */; };
		1F0EC72316D946E500427B4C /* AppDelegate.m in Sources */ = {isa = PBXBuildFile; fileRef = 1F0EC72016D946E500427B4C /* AppDelegate.m */; };
		1F0EC72416D946E500427B4C /* NSPersistentDocument+FileWrapperSupport.m in Sources */ = {isa = PBXBuildFile; fileRef = 1F0EC72216D946E500427B4C /* NSPersistentDocument+FileWrapperSupport.m */; };
		1F0EC74716D947AE00427B4C /* GPAddToCatalogController.m in Sources */ = {isa = PBXBuildFile; fileRef = 1F0EC72616D947AE00427B4C /* GPAddToCatalogController.m */; };
		1F0EC74816D947AE00427B4C /* GPCachetController.m in Sources */ = {isa = PBXBuildFile; fileRef = 1F0EC72816D947AE00427B4C /* GPCachetController.m */; };
		1F0EC74916D947AE00427B4C /* GPCatalogDefaults.m in Sources */ = {isa = PBXBuildFile; fileRef = 1F0EC72A16D947AE00427B4C /* GPCatalogDefaults.m */; };
		1F0EC74A16D947AE00427B4C /* GPCatalogEditor.m in Sources */ = {isa = PBXBuildFile; fileRef = 1F0EC72C16D947AE00427B4C /* GPCatalogEditor.m */; };
		1F0EC74B16D947AE00427B4C /* GPLooksLikeController.m in Sources */ = {isa = PBXBuildFile; fileRef = 1F0EC72E16D947AE00427B4C /* GPLooksLikeController.m */; };
		1F0EC74C16D947AE00427B4C /* GPLooksLikeItemEditor.m in Sources */ = {isa = PBXBuildFile; fileRef = 1F0EC73016D947AE00427B4C /* GPLooksLikeItemEditor.m */; };
		1F0EC74D16D947AE00427B4C /* GPLooksLikePopoverController.m in Sources */ = {isa = PBXBuildFile; fileRef = 1F0EC73216D947AE00427B4C /* GPLooksLikePopoverController.m */; };
		1F0EC74E16D947AE00427B4C /* GPPlatePositionsController.m in Sources */ = {isa = PBXBuildFile; fileRef = 1F0EC73416D947AE00427B4C /* GPPlatePositionsController.m */; };
		1F0EC74F16D947AE00427B4C /* GPPlateUsageController.m in Sources */ = {isa = PBXBuildFile; fileRef = 1F0EC73616D947AE00427B4C /* GPPlateUsageController.m */; };
		1F0EC75016D947AE00427B4C /* GPSetController.m in Sources */ = {isa = PBXBuildFile; fileRef = 1F0EC73816D947AE00427B4C /* GPSetController.m */; };
		1F0EC75116D947AE00427B4C /* GPSupportedAltCatalogNamesController.m in Sources */ = {isa = PBXBuildFile; fileRef = 1F0EC73A16D947AE00427B4C /* GPSupportedAltCatalogNamesController.m */; };
		1F0EC75216D947AE00427B4C /* GPSupportedAltCatalogSectionsController.m in Sources */ = {isa = PBXBuildFile; fileRef = 1F0EC73C16D947AE00427B4C /* GPSupportedAltCatalogSectionsController.m */; };
		1F0EC75316D947AE00427B4C /* GPSupportedCachetCatalogsController.m in Sources */ = {isa = PBXBuildFile; fileRef = 1F0EC73E16D947AE00427B4C /* GPSupportedCachetCatalogsController.m */; };
		1F0EC75416D947AE00427B4C /* GPSupportedCachetMakersController.m in Sources */ = {isa = PBXBuildFile; fileRef = 1F0EC74016D947AE00427B4C /* GPSupportedCachetMakersController.m */; };
		1F0EC75516D947AE00427B4C /* GPSupportedCountriesController.m in Sources */ = {isa = PBXBuildFile; fileRef = 1F0EC74216D947AE00427B4C /* GPSupportedCountriesController.m */; };
		1F0EC75616D947AE00427B4C /* GPSupportedFormatsController.m in Sources */ = {isa = PBXBuildFile; fileRef = 1F0EC74416D947AE00427B4C /* GPSupportedFormatsController.m */; };
		1F0EC75716D947AE00427B4C /* GPSupportedGroupsController.m in Sources */ = {isa = PBXBuildFile; fileRef = 1F0EC74616D947AE00427B4C /* GPSupportedGroupsController.m */; };
		1F0EC76916D9481000427B4C /* GPAddSubvariety.xib in Resources */ = {isa = PBXBuildFile; fileRef = 1F0EC75816D9481000427B4C /* GPAddSubvariety.xib */; };
		1F0EC76A16D9481000427B4C /* GPAddToCatalogController.xib in Resources */ = {isa = PBXBuildFile; fileRef = 1F0EC75916D9481000427B4C /* GPAddToCatalogController.xib */; };
		1F0EC76B16D9481000427B4C /* GPCachetController.xib in Resources */ = {isa = PBXBuildFile; fileRef = 1F0EC75A16D9481000427B4C /* GPCachetController.xib */; };
		1F0EC76C16D9481000427B4C /* GPCatalogDefaults.xib in Resources */ = {isa = PBXBuildFile; fileRef = 1F0EC75B16D9481000427B4C /* GPCatalogDefaults.xib */; };
		1F0EC76D16D9481000427B4C /* GPLooksLikeController.xib in Resources */ = {isa = PBXBuildFile; fileRef = 1F0EC75C16D9481000427B4C /* GPLooksLikeController.xib */; };
		1F0EC76E16D9481000427B4C /* GPLooksLikeItemEditor.xib in Resources */ = {isa = PBXBuildFile; fileRef = 1F0EC75D16D9481000427B4C /* GPLooksLikeItemEditor.xib */; };
		1F0EC76F16D9481000427B4C /* GPLooksLikePopoverController.xib in Resources */ = {isa = PBXBuildFile; fileRef = 1F0EC75E16D9481000427B4C /* GPLooksLikePopoverController.xib */; };
		1F0EC77016D9481000427B4C /* GPPlatePositionsController.xib in Resources */ = {isa = PBXBuildFile; fileRef = 1F0EC75F16D9481000427B4C /* GPPlatePositionsController.xib */; };
		1F0EC77116D9481000427B4C /* GPPlateUsage.xib in Resources */ = {isa = PBXBuildFile; fileRef = 1F0EC76016D9481000427B4C /* GPPlateUsage.xib */; };
		1F0EC77216D9481000427B4C /* GPSetController.xib in Resources */ = {isa = PBXBuildFile; fileRef = 1F0EC76116D9481000427B4C /* GPSetController.xib */; };
		1F0EC77316D9481000427B4C /* GPSupportedAltCatalogNamesController.xib in Resources */ = {isa = PBXBuildFile; fileRef = 1F0EC76216D9481000427B4C /* GPSupportedAltCatalogNamesController.xib */; };
		1F0EC77416D9481000427B4C /* GPSupportedAltCatalogSectionsController.xib in Resources */ = {isa = PBXBuildFile; fileRef = 1F0EC76316D9481000427B4C /* GPSupportedAltCatalogSectionsController.xib */; };
		1F0EC77516D9481000427B4C /* GPSupportedCachetCatalogsController.xib in Resources */ = {isa = PBXBuildFile; fileRef = 1F0EC76416D9481000427B4C /* GPSupportedCachetCatalogsController.xib */; };
		1F0EC77616D9481000427B4C /* GPSupportedCachetMakersController.xib in Resources */ = {isa = PBXBuildFile; fileRef = 1F0EC76516D9481000427B4C /* GPSupportedCachetMakersController.xib */; };
		1F0EC77716D9481000427B4C /* GPSupportedCountriesController.xib in Resources */ = {isa = PBXBuildFile; fileRef = 1F0EC76616D9481000427B4C /* GPSupportedCountriesController.xib */; };
		1F0EC77816D9481000427B4C /* GPSupportedFormatsController.xib in Resources */ = {isa = PBXBuildFile; fileRef = 1F0EC76716D9481000427B4C /* GPSupportedFormatsController.xib */; };
		1F0EC77916D9481000427B4C /* GPSupportedGroupsController.xib in Resources */ = {isa = PBXBuildFile; fileRef = 1F0EC76816D9481000427B4C /* GPSupportedGroupsController.xib */; };
		1F0EC77B16D948EC00427B4C /* GPCatalogEditor.xib in Resources */ = {isa = PBXBuildFile; fileRef = 1F0EC77A16D948EC00427B4C /* GPCatalogEditor.xib */; };
		1F0EC78516D949A100427B4C /* GPAlternateCatalogNumberTransformer.m in Sources */ = {isa = PBXBuildFile; fileRef = 1F0EC77E16D949A100427B4C /* GPAlternateCatalogNumberTransformer.m */; };
		1F0EC78616D949A100427B4C /* GPEmptySetChecker.m in Sources */ = {isa = PBXBuildFile; fileRef = 1F0EC78016D949A100427B4C /* GPEmptySetChecker.m */; };
		1F0EC78716D949A100427B4C /* GPFilenameTransformer.m in Sources */ = {isa = PBXBuildFile; fileRef = 1F0EC78216D949A100427B4C /* GPFilenameTransformer.m */; };
		1F0EC78816D949A100427B4C /* GPPlateUsageExistsChecker.m in Sources */ = {isa = PBXBuildFile; fileRef = 1F0EC78416D949A100427B4C /* GPPlateUsageExistsChecker.m */; };
		1F0EC78C16D95C9300427B4C /* GPSetPopoverController.m in Sources */ = {isa = PBXBuildFile; fileRef = 1F0EC78A16D95C9300427B4C /* GPSetPopoverController.m */; };
		1F0EC78D16D95C9300427B4C /* GPSetPopoverController.xib in Resources */ = {isa = PBXBuildFile; fileRef = 1F0EC78B16D95C9300427B4C /* GPSetPopoverController.xib */; };
		1F0EC79016D9F70900427B4C /* BureauPrecancel.m in Sources */ = {isa = PBXBuildFile; fileRef = 1F0EC78F16D9F70900427B4C /* BureauPrecancel.m */; };
		1F0EC79316D9F71F00427B4C /* Cancelations.m in Sources */ = {isa = PBXBuildFile; fileRef = 1F0EC79216D9F71F00427B4C /* Cancelations.m */; };
		1F49307916D93A9B0094672A /* Cocoa.framework in Frameworks */ = {isa = PBXBuildFile; fileRef = 1F49307816D93A9B0094672A /* Cocoa.framework */; };
		1F49308316D93A9B0094672A /* InfoPlist.strings in Resources */ = {isa = PBXBuildFile; fileRef = 1F49308116D93A9B0094672A /* InfoPlist.strings */; };
		1F49308516D93A9B0094672A /* main.m in Sources */ = {isa = PBXBuildFile; fileRef = 1F49308416D93A9B0094672A /* main.m */; };
		1F49308916D93A9B0094672A /* Credits.rtf in Resources */ = {isa = PBXBuildFile; fileRef = 1F49308716D93A9B0094672A /* Credits.rtf */; };
		1F49308C16D93A9B0094672A /* GPDocument.m in Sources */ = {isa = PBXBuildFile; fileRef = 1F49308B16D93A9B0094672A /* GPDocument.m */; };
		1F49308F16D93A9B0094672A /* GPDocument.xib in Resources */ = {isa = PBXBuildFile; fileRef = 1F49308D16D93A9B0094672A /* GPDocument.xib */; };
		1F49309216D93A9B0094672A /* MainMenu.xib in Resources */ = {isa = PBXBuildFile; fileRef = 1F49309016D93A9B0094672A /* MainMenu.xib */; };
		1F49309D16D93A9B0094672A /* SenTestingKit.framework in Frameworks */ = {isa = PBXBuildFile; fileRef = 1F49309C16D93A9B0094672A /* SenTestingKit.framework */; };
		1F49309E16D93A9B0094672A /* Cocoa.framework in Frameworks */ = {isa = PBXBuildFile; fileRef = 1F49307816D93A9B0094672A /* Cocoa.framework */; };
		1F4930A616D93A9B0094672A /* InfoPlist.strings in Resources */ = {isa = PBXBuildFile; fileRef = 1F4930A416D93A9B0094672A /* InfoPlist.strings */; };
		1F4930A916D93A9B0094672A /* GonePostalTests.m in Sources */ = {isa = PBXBuildFile; fileRef = 1F4930A816D93A9B0094672A /* GonePostalTests.m */; };
/* End PBXBuildFile section */

/* Begin PBXContainerItemProxy section */
		1F49309F16D93A9B0094672A /* PBXContainerItemProxy */ = {
			isa = PBXContainerItemProxy;
			containerPortal = 1F49306D16D93A9B0094672A /* Project object */;
			proxyType = 1;
			remoteGlobalIDString = 1F49307416D93A9B0094672A;
			remoteInfo = GonePostal;
		};
/* End PBXContainerItemProxy section */

/* Begin PBXFileReference section */
		1F0EC68E16D9430D00427B4C /* GPDocument.xcdatamodel */ = {isa = PBXFileReference; lastKnownFileType = wrapper.xcdatamodel; name = GPDocument.xcdatamodel; path = ../GPDocument.xcdatamodel; sourceTree = "<group>"; };
		1F0EC69316D945B500427B4C /* add_main_variety.jpg */ = {isa = PBXFileReference; lastKnownFileType = image.jpeg; path = add_main_variety.jpg; sourceTree = "<group>"; };
		1F0EC69416D945B500427B4C /* add_minor_variation.jpg */ = {isa = PBXFileReference; lastKnownFileType = image.jpeg; path = add_minor_variation.jpg; sourceTree = "<group>"; };
		1F0EC69516D945B500427B4C /* add_subvariety.jpg */ = {isa = PBXFileReference; lastKnownFileType = image.jpeg; path = add_subvariety.jpg; sourceTree = "<group>"; };
		1F0EC69616D945B500427B4C /* blank_stamp.jpg */ = {isa = PBXFileReference; lastKnownFileType = image.jpeg; path = blank_stamp.jpg; sourceTree = "<group>"; };
		1F0EC69716D945B500427B4C /* duplicate_stamp.jpg */ = {isa = PBXFileReference; lastKnownFileType = image.jpeg; path = duplicate_stamp.jpg; sourceTree = "<group>"; };
		1F0EC69816D945B500427B4C /* modify_stamp.jpg */ = {isa = PBXFileReference; lastKnownFileType = image.jpeg; path = modify_stamp.jpg; sourceTree = "<group>"; };
		1F0EC69916D945B500427B4C /* remove_stamp.jpg */ = {isa = PBXFileReference; lastKnownFileType = image.jpeg; path = remove_stamp.jpg; sourceTree = "<group>"; };
		1F0EC6A116D9467B00427B4C /* AlternateCatalog.h */ = {isa = PBXFileReference; fileEncoding = 4; lastKnownFileType = sourcecode.c.h; path = AlternateCatalog.h; sourceTree = "<group>"; };
		1F0EC6A216D9467B00427B4C /* AlternateCatalog.m */ = {isa = PBXFileReference; fileEncoding = 4; lastKnownFileType = sourcecode.c.objc; path = AlternateCatalog.m; sourceTree = "<group>"; };
		1F0EC6A316D9467B00427B4C /* AlternateCatalogGroup.h */ = {isa = PBXFileReference; fileEncoding = 4; lastKnownFileType = sourcecode.c.h; path = AlternateCatalogGroup.h; sourceTree = "<group>"; };
		1F0EC6A416D9467B00427B4C /* AlternateCatalogGroup.m */ = {isa = PBXFileReference; fileEncoding = 4; lastKnownFileType = sourcecode.c.objc; path = AlternateCatalogGroup.m; sourceTree = "<group>"; };
		1F0EC6A516D9467B00427B4C /* AlternateCatalogName.h */ = {isa = PBXFileReference; fileEncoding = 4; lastKnownFileType = sourcecode.c.h; path = AlternateCatalogName.h; sourceTree = "<group>"; };
		1F0EC6A616D9467B00427B4C /* AlternateCatalogName.m */ = {isa = PBXFileReference; fileEncoding = 4; lastKnownFileType = sourcecode.c.objc; path = AlternateCatalogName.m; sourceTree = "<group>"; };
		1F0EC6A916D9467B00427B4C /* Cachet.h */ = {isa = PBXFileReference; fileEncoding = 4; lastKnownFileType = sourcecode.c.h; path = Cachet.h; sourceTree = "<group>"; };
		1F0EC6AA16D9467B00427B4C /* Cachet.m */ = {isa = PBXFileReference; fileEncoding = 4; lastKnownFileType = sourcecode.c.objc; path = Cachet.m; sourceTree = "<group>"; };
		1F0EC6AB16D9467B00427B4C /* CachetCatalogName.h */ = {isa = PBXFileReference; fileEncoding = 4; lastKnownFileType = sourcecode.c.h; path = CachetCatalogName.h; sourceTree = "<group>"; };
		1F0EC6AC16D9467B00427B4C /* CachetCatalogName.m */ = {isa = PBXFileReference; fileEncoding = 4; lastKnownFileType = sourcecode.c.objc; path = CachetCatalogName.m; sourceTree = "<group>"; };
		1F0EC6AD16D9467B00427B4C /* CachetMakerName.h */ = {isa = PBXFileReference; fileEncoding = 4; lastKnownFileType = sourcecode.c.h; path = CachetMakerName.h; sourceTree = "<group>"; };
		1F0EC6AE16D9467B00427B4C /* CachetMakerName.m */ = {isa = PBXFileReference; fileEncoding = 4; lastKnownFileType = sourcecode.c.objc; path = CachetMakerName.m; sourceTree = "<group>"; };
		1F0EC6B116D9467B00427B4C /* CancelQuality.h */ = {isa = PBXFileReference; fileEncoding = 4; lastKnownFileType = sourcecode.c.h; path = CancelQuality.h; sourceTree = "<group>"; };
		1F0EC6B216D9467B00427B4C /* CancelQuality.m */ = {isa = PBXFileReference; fileEncoding = 4; lastKnownFileType = sourcecode.c.objc; path = CancelQuality.m; sourceTree = "<group>"; };
		1F0EC6B316D9467B00427B4C /* Centering.h */ = {isa = PBXFileReference; fileEncoding = 4; lastKnownFileType = sourcecode.c.h; path = Centering.h; sourceTree = "<group>"; };
		1F0EC6B416D9467B00427B4C /* Centering.m */ = {isa = PBXFileReference; fileEncoding = 4; lastKnownFileType = sourcecode.c.objc; path = Centering.m; sourceTree = "<group>"; };
		1F0EC6B516D9467B00427B4C /* Country.h */ = {isa = PBXFileReference; fileEncoding = 4; lastKnownFileType = sourcecode.c.h; path = Country.h; sourceTree = "<group>"; };
		1F0EC6B616D9467B00427B4C /* Country.m */ = {isa = PBXFileReference; fileEncoding = 4; lastKnownFileType = sourcecode.c.objc; path = Country.m; sourceTree = "<group>"; };
		1F0EC6B716D9467B00427B4C /* Dealer.h */ = {isa = PBXFileReference; fileEncoding = 4; lastKnownFileType = sourcecode.c.h; path = Dealer.h; sourceTree = "<group>"; };
		1F0EC6B816D9467B00427B4C /* Dealer.m */ = {isa = PBXFileReference; fileEncoding = 4; lastKnownFileType = sourcecode.c.objc; path = Dealer.m; sourceTree = "<group>"; };
		1F0EC6B916D9467B00427B4C /* FDCIssueLocation.h */ = {isa = PBXFileReference; fileEncoding = 4; lastKnownFileType = sourcecode.c.h; path = FDCIssueLocation.h; sourceTree = "<group>"; };
		1F0EC6BA16D9467B00427B4C /* FDCIssueLocation.m */ = {isa = PBXFileReference; fileEncoding = 4; lastKnownFileType = sourcecode.c.objc; path = FDCIssueLocation.m; sourceTree = "<group>"; };
		1F0EC6BB16D9467B00427B4C /* FirstFlight.h */ = {isa = PBXFileReference; fileEncoding = 4; lastKnownFileType = sourcecode.c.h; path = FirstFlight.h; sourceTree = "<group>"; };
		1F0EC6BC16D9467B00427B4C /* FirstFlight.m */ = {isa = PBXFileReference; fileEncoding = 4; lastKnownFileType = sourcecode.c.objc; path = FirstFlight.m; sourceTree = "<group>"; };
		1F0EC6BD16D9467B00427B4C /* Format.h */ = {isa = PBXFileReference; fileEncoding = 4; lastKnownFileType = sourcecode.c.h; path = Format.h; sourceTree = "<group>"; };
		1F0EC6BE16D9467B00427B4C /* Format.m */ = {isa = PBXFileReference; fileEncoding = 4; lastKnownFileType = sourcecode.c.objc; path = Format.m; sourceTree = "<group>"; };
		1F0EC6BF16D9467B00427B4C /* GPAddSubvariety.h */ = {isa = PBXFileReference; fileEncoding = 4; lastKnownFileType = sourcecode.c.h; path = GPAddSubvariety.h; sourceTree = "<group>"; };
		1F0EC6C016D9467B00427B4C /* GPAddSubvariety.m */ = {isa = PBXFileReference; fileEncoding = 4; lastKnownFileType = sourcecode.c.objc; path = GPAddSubvariety.m; sourceTree = "<group>"; };
		1F0EC6C116D9467B00427B4C /* GPCatalog.h */ = {isa = PBXFileReference; fileEncoding = 4; lastKnownFileType = sourcecode.c.h; path = GPCatalog.h; sourceTree = "<group>"; };
		1F0EC6C216D9467B00427B4C /* GPCatalog.m */ = {isa = PBXFileReference; fileEncoding = 4; lastKnownFileType = sourcecode.c.objc; path = GPCatalog.m; sourceTree = "<group>"; };
		1F0EC6C316D9467B00427B4C /* GPCatalog+Create.h */ = {isa = PBXFileReference; fileEncoding = 4; lastKnownFileType = sourcecode.c.h; path = "GPCatalog+Create.h"; sourceTree = "<group>"; };
		1F0EC6C416D9467B00427B4C /* GPCatalog+Create.m */ = {isa = PBXFileReference; fileEncoding = 4; lastKnownFileType = sourcecode.c.objc; path = "GPCatalog+Create.m"; sourceTree = "<group>"; };
		1F0EC6C516D9467B00427B4C /* GPCatalog+Duplicate.h */ = {isa = PBXFileReference; fileEncoding = 4; lastKnownFileType = sourcecode.c.h; path = "GPCatalog+Duplicate.h"; sourceTree = "<group>"; };
		1F0EC6C616D9467B00427B4C /* GPCatalog+Duplicate.m */ = {isa = PBXFileReference; fileEncoding = 4; lastKnownFileType = sourcecode.c.objc; path = "GPCatalog+Duplicate.m"; sourceTree = "<group>"; };
		1F0EC6C716D9467B00427B4C /* GPCatalogGroup.h */ = {isa = PBXFileReference; fileEncoding = 4; lastKnownFileType = sourcecode.c.h; path = GPCatalogGroup.h; sourceTree = "<group>"; };
		1F0EC6C816D9467B00427B4C /* GPCatalogGroup.m */ = {isa = PBXFileReference; fileEncoding = 4; lastKnownFileType = sourcecode.c.objc; path = GPCatalogGroup.m; sourceTree = "<group>"; };
		1F0EC6C916D9467B00427B4C /* GPCatalogSet.h */ = {isa = PBXFileReference; fileEncoding = 4; lastKnownFileType = sourcecode.c.h; path = GPCatalogSet.h; sourceTree = "<group>"; };
		1F0EC6CA16D9467B00427B4C /* GPCatalogSet.m */ = {isa = PBXFileReference; fileEncoding = 4; lastKnownFileType = sourcecode.c.objc; path = GPCatalogSet.m; sourceTree = "<group>"; };
		1F0EC6CB16D9467B00427B4C /* GPCollection.h */ = {isa = PBXFileReference; fileEncoding = 4; lastKnownFileType = sourcecode.c.h; path = GPCollection.h; sourceTree = "<group>"; };
		1F0EC6CC16D9467B00427B4C /* GPCollection.m */ = {isa = PBXFileReference; fileEncoding = 4; lastKnownFileType = sourcecode.c.objc; path = GPCollection.m; sourceTree = "<group>"; };
		1F0EC6CD16D9467B00427B4C /* GPPicture.h */ = {isa = PBXFileReference; fileEncoding = 4; lastKnownFileType = sourcecode.c.h; path = GPPicture.h; sourceTree = "<group>"; };
		1F0EC6CE16D9467B00427B4C /* GPPicture.m */ = {isa = PBXFileReference; fileEncoding = 4; lastKnownFileType = sourcecode.c.objc; path = GPPicture.m; sourceTree = "<group>"; };
		1F0EC6CF16D9467B00427B4C /* Grade.h */ = {isa = PBXFileReference; fileEncoding = 4; lastKnownFileType = sourcecode.c.h; path = Grade.h; sourceTree = "<group>"; };
		1F0EC6D016D9467B00427B4C /* Grade.m */ = {isa = PBXFileReference; fileEncoding = 4; lastKnownFileType = sourcecode.c.objc; path = Grade.m; sourceTree = "<group>"; };
		1F0EC6D116D9467B00427B4C /* GumCondition.h */ = {isa = PBXFileReference; fileEncoding = 4; lastKnownFileType = sourcecode.c.h; path = GumCondition.h; sourceTree = "<group>"; };
		1F0EC6D216D9467B00427B4C /* GumCondition.m */ = {isa = PBXFileReference; fileEncoding = 4; lastKnownFileType = sourcecode.c.objc; path = GumCondition.m; sourceTree = "<group>"; };
		1F0EC6D316D9467B00427B4C /* Hinged.h */ = {isa = PBXFileReference; fileEncoding = 4; lastKnownFileType = sourcecode.c.h; path = Hinged.h; sourceTree = "<group>"; };
		1F0EC6D416D9467B00427B4C /* Hinged.m */ = {isa = PBXFileReference; fileEncoding = 4; lastKnownFileType = sourcecode.c.objc; path = Hinged.m; sourceTree = "<group>"; };
		1F0EC6D516D9467B00427B4C /* LocalPrecancel.h */ = {isa = PBXFileReference; fileEncoding = 4; lastKnownFileType = sourcecode.c.h; path = LocalPrecancel.h; sourceTree = "<group>"; };
		1F0EC6D616D9467B00427B4C /* LocalPrecancel.m */ = {isa = PBXFileReference; fileEncoding = 4; lastKnownFileType = sourcecode.c.objc; path = LocalPrecancel.m; sourceTree = "<group>"; };
		1F0EC6D716D9467B00427B4C /* Location.h */ = {isa = PBXFileReference; fileEncoding = 4; lastKnownFileType = sourcecode.c.h; path = Location.h; sourceTree = "<group>"; };
		1F0EC6D816D9467B00427B4C /* Location.m */ = {isa = PBXFileReference; fileEncoding = 4; lastKnownFileType = sourcecode.c.objc; path = Location.m; sourceTree = "<group>"; };
		1F0EC6D916D9467B00427B4C /* LooksLike.h */ = {isa = PBXFileReference; fileEncoding = 4; lastKnownFileType = sourcecode.c.h; path = LooksLike.h; sourceTree = "<group>"; };
		1F0EC6DA16D9467B00427B4C /* LooksLike.m */ = {isa = PBXFileReference; fileEncoding = 4; lastKnownFileType = sourcecode.c.objc; path = LooksLike.m; sourceTree = "<group>"; };
		1F0EC6DB16D9467B00427B4C /* Lot.h */ = {isa = PBXFileReference; fileEncoding = 4; lastKnownFileType = sourcecode.c.h; path = Lot.h; sourceTree = "<group>"; };
		1F0EC6DC16D9467B00427B4C /* Lot.m */ = {isa = PBXFileReference; fileEncoding = 4; lastKnownFileType = sourcecode.c.objc; path = Lot.m; sourceTree = "<group>"; };
		1F0EC6DD16D9467B00427B4C /* Mount.h */ = {isa = PBXFileReference; fileEncoding = 4; lastKnownFileType = sourcecode.c.h; path = Mount.h; sourceTree = "<group>"; };
		1F0EC6DE16D9467B00427B4C /* Mount.m */ = {isa = PBXFileReference; fileEncoding = 4; lastKnownFileType = sourcecode.c.objc; path = Mount.m; sourceTree = "<group>"; };
		1F0EC6DF16D9467B00427B4C /* Perfin.h */ = {isa = PBXFileReference; fileEncoding = 4; lastKnownFileType = sourcecode.c.h; path = Perfin.h; sourceTree = "<group>"; };
		1F0EC6E016D9467B00427B4C /* Perfin.m */ = {isa = PBXFileReference; fileEncoding = 4; lastKnownFileType = sourcecode.c.objc; path = Perfin.m; sourceTree = "<group>"; };
		1F0EC6E116D9467B00427B4C /* PictureType.h */ = {isa = PBXFileReference; fileEncoding = 4; lastKnownFileType = sourcecode.c.h; path = PictureType.h; sourceTree = "<group>"; };
		1F0EC6E216D9467B00427B4C /* PictureType.m */ = {isa = PBXFileReference; fileEncoding = 4; lastKnownFileType = sourcecode.c.objc; path = PictureType.m; sourceTree = "<group>"; };
		1F0EC6E316D9467B00427B4C /* PlateNumber.h */ = {isa = PBXFileReference; fileEncoding = 4; lastKnownFileType = sourcecode.c.h; path = PlateNumber.h; sourceTree = "<group>"; };
		1F0EC6E416D9467B00427B4C /* PlateNumber.m */ = {isa = PBXFileReference; fileEncoding = 4; lastKnownFileType = sourcecode.c.objc; path = PlateNumber.m; sourceTree = "<group>"; };
		1F0EC6E516D9467B00427B4C /* PlateNumberInfo.h */ = {isa = PBXFileReference; fileEncoding = 4; lastKnownFileType = sourcecode.c.h; path = PlateNumberInfo.h; sourceTree = "<group>"; };
		1F0EC6E616D9467B00427B4C /* PlateNumberInfo.m */ = {isa = PBXFileReference; fileEncoding = 4; lastKnownFileType = sourcecode.c.objc; path = PlateNumberInfo.m; sourceTree = "<group>"; };
		1F0EC6E716D9467B00427B4C /* PlatePosition.h */ = {isa = PBXFileReference; fileEncoding = 4; lastKnownFileType = sourcecode.c.h; path = PlatePosition.h; sourceTree = "<group>"; };
		1F0EC6E816D9467B00427B4C /* PlatePosition.m */ = {isa = PBXFileReference; fileEncoding = 4; lastKnownFileType = sourcecode.c.objc; path = PlatePosition.m; sourceTree = "<group>"; };
		1F0EC6E916D9467B00427B4C /* PlateUsage.h */ = {isa = PBXFileReference; fileEncoding = 4; lastKnownFileType = sourcecode.c.h; path = PlateUsage.h; sourceTree = "<group>"; };
		1F0EC6EA16D9467B00427B4C /* PlateUsage.m */ = {isa = PBXFileReference; fileEncoding = 4; lastKnownFileType = sourcecode.c.objc; path = PlateUsage.m; sourceTree = "<group>"; };
		1F0EC6EB16D9467B00427B4C /* Soundness.h */ = {isa = PBXFileReference; fileEncoding = 4; lastKnownFileType = sourcecode.c.h; path = Soundness.h; sourceTree = "<group>"; };
		1F0EC6EC16D9467B00427B4C /* Soundness.m */ = {isa = PBXFileReference; fileEncoding = 4; lastKnownFileType = sourcecode.c.objc; path = Soundness.m; sourceTree = "<group>"; };
		1F0EC6ED16D9467B00427B4C /* Stamp.h */ = {isa = PBXFileReference; fileEncoding = 4; lastKnownFileType = sourcecode.c.h; path = Stamp.h; sourceTree = "<group>"; };
		1F0EC6EE16D9467B00427B4C /* Stamp.m */ = {isa = PBXFileReference; fileEncoding = 4; lastKnownFileType = sourcecode.c.objc; path = Stamp.m; sourceTree = "<group>"; };
		1F0EC6EF16D9467B00427B4C /* StampFormat.h */ = {isa = PBXFileReference; fileEncoding = 4; lastKnownFileType = sourcecode.c.h; path = StampFormat.h; sourceTree = "<group>"; };
		1F0EC6F016D9467B00427B4C /* StampFormat.m */ = {isa = PBXFileReference; fileEncoding = 4; lastKnownFileType = sourcecode.c.objc; path = StampFormat.m; sourceTree = "<group>"; };
		1F0EC6F116D9467B00427B4C /* Topic.h */ = {isa = PBXFileReference; fileEncoding = 4; lastKnownFileType = sourcecode.c.h; path = Topic.h; sourceTree = "<group>"; };
		1F0EC6F216D9467B00427B4C /* Topic.m */ = {isa = PBXFileReference; fileEncoding = 4; lastKnownFileType = sourcecode.c.objc; path = Topic.m; sourceTree = "<group>"; };
		1F0EC6F316D9467B00427B4C /* Valuation.h */ = {isa = PBXFileReference; fileEncoding = 4; lastKnownFileType = sourcecode.c.h; path = Valuation.h; sourceTree = "<group>"; };
		1F0EC6F416D9467B00427B4C /* Valuation.m */ = {isa = PBXFileReference; fileEncoding = 4; lastKnownFileType = sourcecode.c.objc; path = Valuation.m; sourceTree = "<group>"; };
		1F0EC71F16D946E500427B4C /* AppDelegate.h */ = {isa = PBXFileReference; fileEncoding = 4; lastKnownFileType = sourcecode.c.h; path = AppDelegate.h; sourceTree = "<group>"; };
		1F0EC72016D946E500427B4C /* AppDelegate.m */ = {isa = PBXFileReference; fileEncoding = 4; lastKnownFileType = sourcecode.c.objc; path = AppDelegate.m; sourceTree = "<group>"; };
		1F0EC72116D946E500427B4C /* NSPersistentDocument+FileWrapperSupport.h */ = {isa = PBXFileReference; fileEncoding = 4; lastKnownFileType = sourcecode.c.h; path = "NSPersistentDocument+FileWrapperSupport.h"; sourceTree = "<group>"; };
		1F0EC72216D946E500427B4C /* NSPersistentDocument+FileWrapperSupport.m */ = {isa = PBXFileReference; fileEncoding = 4; lastKnownFileType = sourcecode.c.objc; path = "NSPersistentDocument+FileWrapperSupport.m"; sourceTree = "<group>"; };
		1F0EC72516D947AE00427B4C /* GPAddToCatalogController.h */ = {isa = PBXFileReference; fileEncoding = 4; lastKnownFileType = sourcecode.c.h; path = GPAddToCatalogController.h; sourceTree = "<group>"; };
		1F0EC72616D947AE00427B4C /* GPAddToCatalogController.m */ = {isa = PBXFileReference; fileEncoding = 4; lastKnownFileType = sourcecode.c.objc; path = GPAddToCatalogController.m; sourceTree = "<group>"; };
		1F0EC72716D947AE00427B4C /* GPCachetController.h */ = {isa = PBXFileReference; fileEncoding = 4; lastKnownFileType = sourcecode.c.h; path = GPCachetController.h; sourceTree = "<group>"; };
		1F0EC72816D947AE00427B4C /* GPCachetController.m */ = {isa = PBXFileReference; fileEncoding = 4; lastKnownFileType = sourcecode.c.objc; path = GPCachetController.m; sourceTree = "<group>"; };
		1F0EC72916D947AE00427B4C /* GPCatalogDefaults.h */ = {isa = PBXFileReference; fileEncoding = 4; lastKnownFileType = sourcecode.c.h; path = GPCatalogDefaults.h; sourceTree = "<group>"; };
		1F0EC72A16D947AE00427B4C /* GPCatalogDefaults.m */ = {isa = PBXFileReference; fileEncoding = 4; lastKnownFileType = sourcecode.c.objc; path = GPCatalogDefaults.m; sourceTree = "<group>"; };
		1F0EC72B16D947AE00427B4C /* GPCatalogEditor.h */ = {isa = PBXFileReference; fileEncoding = 4; lastKnownFileType = sourcecode.c.h; path = GPCatalogEditor.h; sourceTree = "<group>"; };
		1F0EC72C16D947AE00427B4C /* GPCatalogEditor.m */ = {isa = PBXFileReference; fileEncoding = 4; lastKnownFileType = sourcecode.c.objc; path = GPCatalogEditor.m; sourceTree = "<group>"; };
		1F0EC72D16D947AE00427B4C /* GPLooksLikeController.h */ = {isa = PBXFileReference; fileEncoding = 4; lastKnownFileType = sourcecode.c.h; path = GPLooksLikeController.h; sourceTree = "<group>"; };
		1F0EC72E16D947AE00427B4C /* GPLooksLikeController.m */ = {isa = PBXFileReference; fileEncoding = 4; lastKnownFileType = sourcecode.c.objc; path = GPLooksLikeController.m; sourceTree = "<group>"; };
		1F0EC72F16D947AE00427B4C /* GPLooksLikeItemEditor.h */ = {isa = PBXFileReference; fileEncoding = 4; lastKnownFileType = sourcecode.c.h; path = GPLooksLikeItemEditor.h; sourceTree = "<group>"; };
		1F0EC73016D947AE00427B4C /* GPLooksLikeItemEditor.m */ = {isa = PBXFileReference; fileEncoding = 4; lastKnownFileType = sourcecode.c.objc; path = GPLooksLikeItemEditor.m; sourceTree = "<group>"; };
		1F0EC73116D947AE00427B4C /* GPLooksLikePopoverController.h */ = {isa = PBXFileReference; fileEncoding = 4; lastKnownFileType = sourcecode.c.h; path = GPLooksLikePopoverController.h; sourceTree = "<group>"; };
		1F0EC73216D947AE00427B4C /* GPLooksLikePopoverController.m */ = {isa = PBXFileReference; fileEncoding = 4; lastKnownFileType = sourcecode.c.objc; path = GPLooksLikePopoverController.m; sourceTree = "<group>"; };
		1F0EC73316D947AE00427B4C /* GPPlatePositionsController.h */ = {isa = PBXFileReference; fileEncoding = 4; lastKnownFileType = sourcecode.c.h; path = GPPlatePositionsController.h; sourceTree = "<group>"; };
		1F0EC73416D947AE00427B4C /* GPPlatePositionsController.m */ = {isa = PBXFileReference; fileEncoding = 4; lastKnownFileType = sourcecode.c.objc; path = GPPlatePositionsController.m; sourceTree = "<group>"; };
		1F0EC73516D947AE00427B4C /* GPPlateUsageController.h */ = {isa = PBXFileReference; fileEncoding = 4; lastKnownFileType = sourcecode.c.h; path = GPPlateUsageController.h; sourceTree = "<group>"; };
		1F0EC73616D947AE00427B4C /* GPPlateUsageController.m */ = {isa = PBXFileReference; fileEncoding = 4; lastKnownFileType = sourcecode.c.objc; path = GPPlateUsageController.m; sourceTree = "<group>"; };
		1F0EC73716D947AE00427B4C /* GPSetController.h */ = {isa = PBXFileReference; fileEncoding = 4; lastKnownFileType = sourcecode.c.h; path = GPSetController.h; sourceTree = "<group>"; };
		1F0EC73816D947AE00427B4C /* GPSetController.m */ = {isa = PBXFileReference; fileEncoding = 4; lastKnownFileType = sourcecode.c.objc; path = GPSetController.m; sourceTree = "<group>"; };
		1F0EC73916D947AE00427B4C /* GPSupportedAltCatalogNamesController.h */ = {isa = PBXFileReference; fileEncoding = 4; lastKnownFileType = sourcecode.c.h; path = GPSupportedAltCatalogNamesController.h; sourceTree = "<group>"; };
		1F0EC73A16D947AE00427B4C /* GPSupportedAltCatalogNamesController.m */ = {isa = PBXFileReference; fileEncoding = 4; lastKnownFileType = sourcecode.c.objc; path = GPSupportedAltCatalogNamesController.m; sourceTree = "<group>"; };
		1F0EC73B16D947AE00427B4C /* GPSupportedAltCatalogSectionsController.h */ = {isa = PBXFileReference; fileEncoding = 4; lastKnownFileType = sourcecode.c.h; path = GPSupportedAltCatalogSectionsController.h; sourceTree = "<group>"; };
		1F0EC73C16D947AE00427B4C /* GPSupportedAltCatalogSectionsController.m */ = {isa = PBXFileReference; fileEncoding = 4; lastKnownFileType = sourcecode.c.objc; path = GPSupportedAltCatalogSectionsController.m; sourceTree = "<group>"; };
		1F0EC73D16D947AE00427B4C /* GPSupportedCachetCatalogsController.h */ = {isa = PBXFileReference; fileEncoding = 4; lastKnownFileType = sourcecode.c.h; path = GPSupportedCachetCatalogsController.h; sourceTree = "<group>"; };
		1F0EC73E16D947AE00427B4C /* GPSupportedCachetCatalogsController.m */ = {isa = PBXFileReference; fileEncoding = 4; lastKnownFileType = sourcecode.c.objc; path = GPSupportedCachetCatalogsController.m; sourceTree = "<group>"; };
		1F0EC73F16D947AE00427B4C /* GPSupportedCachetMakersController.h */ = {isa = PBXFileReference; fileEncoding = 4; lastKnownFileType = sourcecode.c.h; path = GPSupportedCachetMakersController.h; sourceTree = "<group>"; };
		1F0EC74016D947AE00427B4C /* GPSupportedCachetMakersController.m */ = {isa = PBXFileReference; fileEncoding = 4; lastKnownFileType = sourcecode.c.objc; path = GPSupportedCachetMakersController.m; sourceTree = "<group>"; };
		1F0EC74116D947AE00427B4C /* GPSupportedCountriesController.h */ = {isa = PBXFileReference; fileEncoding = 4; lastKnownFileType = sourcecode.c.h; path = GPSupportedCountriesController.h; sourceTree = "<group>"; };
		1F0EC74216D947AE00427B4C /* GPSupportedCountriesController.m */ = {isa = PBXFileReference; fileEncoding = 4; lastKnownFileType = sourcecode.c.objc; path = GPSupportedCountriesController.m; sourceTree = "<group>"; };
		1F0EC74316D947AE00427B4C /* GPSupportedFormatsController.h */ = {isa = PBXFileReference; fileEncoding = 4; lastKnownFileType = sourcecode.c.h; path = GPSupportedFormatsController.h; sourceTree = "<group>"; };
		1F0EC74416D947AE00427B4C /* GPSupportedFormatsController.m */ = {isa = PBXFileReference; fileEncoding = 4; lastKnownFileType = sourcecode.c.objc; path = GPSupportedFormatsController.m; sourceTree = "<group>"; };
		1F0EC74516D947AE00427B4C /* GPSupportedGroupsController.h */ = {isa = PBXFileReference; fileEncoding = 4; lastKnownFileType = sourcecode.c.h; path = GPSupportedGroupsController.h; sourceTree = "<group>"; };
		1F0EC74616D947AE00427B4C /* GPSupportedGroupsController.m */ = {isa = PBXFileReference; fileEncoding = 4; lastKnownFileType = sourcecode.c.objc; path = GPSupportedGroupsController.m; sourceTree = "<group>"; };
		1F0EC75816D9481000427B4C /* GPAddSubvariety.xib */ = {isa = PBXFileReference; fileEncoding = 4; lastKnownFileType = file.xib; path = GPAddSubvariety.xib; sourceTree = "<group>"; };
		1F0EC75916D9481000427B4C /* GPAddToCatalogController.xib */ = {isa = PBXFileReference; fileEncoding = 4; lastKnownFileType = file.xib; path = GPAddToCatalogController.xib; sourceTree = "<group>"; };
		1F0EC75A16D9481000427B4C /* GPCachetController.xib */ = {isa = PBXFileReference; fileEncoding = 4; lastKnownFileType = file.xib; path = GPCachetController.xib; sourceTree = "<group>"; };
		1F0EC75B16D9481000427B4C /* GPCatalogDefaults.xib */ = {isa = PBXFileReference; fileEncoding = 4; lastKnownFileType = file.xib; path = GPCatalogDefaults.xib; sourceTree = "<group>"; };
		1F0EC75C16D9481000427B4C /* GPLooksLikeController.xib */ = {isa = PBXFileReference; fileEncoding = 4; lastKnownFileType = file.xib; path = GPLooksLikeController.xib; sourceTree = "<group>"; };
		1F0EC75D16D9481000427B4C /* GPLooksLikeItemEditor.xib */ = {isa = PBXFileReference; fileEncoding = 4; lastKnownFileType = file.xib; path = GPLooksLikeItemEditor.xib; sourceTree = "<group>"; };
		1F0EC75E16D9481000427B4C /* GPLooksLikePopoverController.xib */ = {isa = PBXFileReference; fileEncoding = 4; lastKnownFileType = file.xib; path = GPLooksLikePopoverController.xib; sourceTree = "<group>"; };
		1F0EC75F16D9481000427B4C /* GPPlatePositionsController.xib */ = {isa = PBXFileReference; fileEncoding = 4; lastKnownFileType = file.xib; path = GPPlatePositionsController.xib; sourceTree = "<group>"; };
		1F0EC76016D9481000427B4C /* GPPlateUsage.xib */ = {isa = PBXFileReference; fileEncoding = 4; lastKnownFileType = file.xib; path = GPPlateUsage.xib; sourceTree = "<group>"; };
		1F0EC76116D9481000427B4C /* GPSetController.xib */ = {isa = PBXFileReference; fileEncoding = 4; lastKnownFileType = file.xib; path = GPSetController.xib; sourceTree = "<group>"; };
		1F0EC76216D9481000427B4C /* GPSupportedAltCatalogNamesController.xib */ = {isa = PBXFileReference; fileEncoding = 4; lastKnownFileType = file.xib; path = GPSupportedAltCatalogNamesController.xib; sourceTree = "<group>"; };
		1F0EC76316D9481000427B4C /* GPSupportedAltCatalogSectionsController.xib */ = {isa = PBXFileReference; fileEncoding = 4; lastKnownFileType = file.xib; path = GPSupportedAltCatalogSectionsController.xib; sourceTree = "<group>"; };
		1F0EC76416D9481000427B4C /* GPSupportedCachetCatalogsController.xib */ = {isa = PBXFileReference; fileEncoding = 4; lastKnownFileType = file.xib; path = GPSupportedCachetCatalogsController.xib; sourceTree = "<group>"; };
		1F0EC76516D9481000427B4C /* GPSupportedCachetMakersController.xib */ = {isa = PBXFileReference; fileEncoding = 4; lastKnownFileType = file.xib; path = GPSupportedCachetMakersController.xib; sourceTree = "<group>"; };
		1F0EC76616D9481000427B4C /* GPSupportedCountriesController.xib */ = {isa = PBXFileReference; fileEncoding = 4; lastKnownFileType = file.xib; path = GPSupportedCountriesController.xib; sourceTree = "<group>"; };
		1F0EC76716D9481000427B4C /* GPSupportedFormatsController.xib */ = {isa = PBXFileReference; fileEncoding = 4; lastKnownFileType = file.xib; path = GPSupportedFormatsController.xib; sourceTree = "<group>"; };
		1F0EC76816D9481000427B4C /* GPSupportedGroupsController.xib */ = {isa = PBXFileReference; fileEncoding = 4; lastKnownFileType = file.xib; path = GPSupportedGroupsController.xib; sourceTree = "<group>"; };
		1F0EC77A16D948EC00427B4C /* GPCatalogEditor.xib */ = {isa = PBXFileReference; fileEncoding = 4; lastKnownFileType = file.xib; path = GPCatalogEditor.xib; sourceTree = "<group>"; };
		1F0EC77D16D949A100427B4C /* GPAlternateCatalogNumberTransformer.h */ = {isa = PBXFileReference; fileEncoding = 4; lastKnownFileType = sourcecode.c.h; path = GPAlternateCatalogNumberTransformer.h; sourceTree = "<group>"; };
		1F0EC77E16D949A100427B4C /* GPAlternateCatalogNumberTransformer.m */ = {isa = PBXFileReference; fileEncoding = 4; lastKnownFileType = sourcecode.c.objc; path = GPAlternateCatalogNumberTransformer.m; sourceTree = "<group>"; };
		1F0EC77F16D949A100427B4C /* GPEmptySetChecker.h */ = {isa = PBXFileReference; fileEncoding = 4; lastKnownFileType = sourcecode.c.h; path = GPEmptySetChecker.h; sourceTree = "<group>"; };
		1F0EC78016D949A100427B4C /* GPEmptySetChecker.m */ = {isa = PBXFileReference; fileEncoding = 4; lastKnownFileType = sourcecode.c.objc; path = GPEmptySetChecker.m; sourceTree = "<group>"; };
		1F0EC78116D949A100427B4C /* GPFilenameTransformer.h */ = {isa = PBXFileReference; fileEncoding = 4; lastKnownFileType = sourcecode.c.h; path = GPFilenameTransformer.h; sourceTree = "<group>"; };
		1F0EC78216D949A100427B4C /* GPFilenameTransformer.m */ = {isa = PBXFileReference; fileEncoding = 4; lastKnownFileType = sourcecode.c.objc; path = GPFilenameTransformer.m; sourceTree = "<group>"; };
		1F0EC78316D949A100427B4C /* GPPlateUsageExistsChecker.h */ = {isa = PBXFileReference; fileEncoding = 4; lastKnownFileType = sourcecode.c.h; path = GPPlateUsageExistsChecker.h; sourceTree = "<group>"; };
		1F0EC78416D949A100427B4C /* GPPlateUsageExistsChecker.m */ = {isa = PBXFileReference; fileEncoding = 4; lastKnownFileType = sourcecode.c.objc; path = GPPlateUsageExistsChecker.m; sourceTree = "<group>"; };
		1F0EC78916D95C9300427B4C /* GPSetPopoverController.h */ = {isa = PBXFileReference; fileEncoding = 4; lastKnownFileType = sourcecode.c.h; path = GPSetPopoverController.h; sourceTree = "<group>"; };
		1F0EC78A16D95C9300427B4C /* GPSetPopoverController.m */ = {isa = PBXFileReference; fileEncoding = 4; lastKnownFileType = sourcecode.c.objc; path = GPSetPopoverController.m; sourceTree = "<group>"; };
		1F0EC78B16D95C9300427B4C /* GPSetPopoverController.xib */ = {isa = PBXFileReference; fileEncoding = 4; lastKnownFileType = file.xib; path = GPSetPopoverController.xib; sourceTree = "<group>"; };
		1F0EC78E16D9F70900427B4C /* BureauPrecancel.h */ = {isa = PBXFileReference; fileEncoding = 4; lastKnownFileType = sourcecode.c.h; path = BureauPrecancel.h; sourceTree = "<group>"; };
		1F0EC78F16D9F70900427B4C /* BureauPrecancel.m */ = {isa = PBXFileReference; fileEncoding = 4; lastKnownFileType = sourcecode.c.objc; path = BureauPrecancel.m; sourceTree = "<group>"; };
		1F0EC79116D9F71F00427B4C /* Cancelations.h */ = {isa = PBXFileReference; fileEncoding = 4; lastKnownFileType = sourcecode.c.h; path = Cancelations.h; sourceTree = "<group>"; };
		1F0EC79216D9F71F00427B4C /* Cancelations.m */ = {isa = PBXFileReference; fileEncoding = 4; lastKnownFileType = sourcecode.c.objc; path = Cancelations.m; sourceTree = "<group>"; };
		1F49307516D93A9B0094672A /* GonePostal.app */ = {isa = PBXFileReference; explicitFileType = wrapper.application; includeInIndex = 0; path = GonePostal.app; sourceTree = BUILT_PRODUCTS_DIR; };
		1F49307816D93A9B0094672A /* Cocoa.framework */ = {isa = PBXFileReference; lastKnownFileType = wrapper.framework; name = Cocoa.framework; path = System/Library/Frameworks/Cocoa.framework; sourceTree = SDKROOT; };
		1F49307B16D93A9B0094672A /* AppKit.framework */ = {isa = PBXFileReference; lastKnownFileType = wrapper.framework; name = AppKit.framework; path = System/Library/Frameworks/AppKit.framework; sourceTree = SDKROOT; };
		1F49307C16D93A9B0094672A /* CoreData.framework */ = {isa = PBXFileReference; lastKnownFileType = wrapper.framework; name = CoreData.framework; path = System/Library/Frameworks/CoreData.framework; sourceTree = SDKROOT; };
		1F49307D16D93A9B0094672A /* Foundation.framework */ = {isa = PBXFileReference; lastKnownFileType = wrapper.framework; name = Foundation.framework; path = System/Library/Frameworks/Foundation.framework; sourceTree = SDKROOT; };
		1F49308016D93A9B0094672A /* GonePostal-Info.plist */ = {isa = PBXFileReference; lastKnownFileType = text.plist.xml; path = "GonePostal-Info.plist"; sourceTree = "<group>"; };
		1F49308216D93A9B0094672A /* en */ = {isa = PBXFileReference; lastKnownFileType = text.plist.strings; name = en; path = en.lproj/InfoPlist.strings; sourceTree = "<group>"; };
		1F49308416D93A9B0094672A /* main.m */ = {isa = PBXFileReference; lastKnownFileType = sourcecode.c.objc; path = main.m; sourceTree = "<group>"; };
		1F49308616D93A9B0094672A /* GonePostal-Prefix.pch */ = {isa = PBXFileReference; lastKnownFileType = sourcecode.c.h; path = "GonePostal-Prefix.pch"; sourceTree = "<group>"; };
		1F49308816D93A9B0094672A /* en */ = {isa = PBXFileReference; lastKnownFileType = text.rtf; name = en; path = en.lproj/Credits.rtf; sourceTree = "<group>"; };
		1F49308A16D93A9B0094672A /* GPDocument.h */ = {isa = PBXFileReference; lastKnownFileType = sourcecode.c.h; path = GPDocument.h; sourceTree = "<group>"; };
		1F49308B16D93A9B0094672A /* GPDocument.m */ = {isa = PBXFileReference; lastKnownFileType = sourcecode.c.objc; path = GPDocument.m; sourceTree = "<group>"; };
		1F49308E16D93A9B0094672A /* en */ = {isa = PBXFileReference; lastKnownFileType = file.xib; name = en; path = en.lproj/GPDocument.xib; sourceTree = "<group>"; };
		1F49309116D93A9B0094672A /* en */ = {isa = PBXFileReference; lastKnownFileType = file.xib; name = en; path = en.lproj/MainMenu.xib; sourceTree = "<group>"; };
		1F49309B16D93A9B0094672A /* GonePostalTests.octest */ = {isa = PBXFileReference; explicitFileType = wrapper.cfbundle; includeInIndex = 0; path = GonePostalTests.octest; sourceTree = BUILT_PRODUCTS_DIR; };
		1F49309C16D93A9B0094672A /* SenTestingKit.framework */ = {isa = PBXFileReference; lastKnownFileType = wrapper.framework; name = SenTestingKit.framework; path = Library/Frameworks/SenTestingKit.framework; sourceTree = DEVELOPER_DIR; };
		1F4930A316D93A9B0094672A /* GonePostalTests-Info.plist */ = {isa = PBXFileReference; lastKnownFileType = text.plist.xml; path = "GonePostalTests-Info.plist"; sourceTree = "<group>"; };
		1F4930A516D93A9B0094672A /* en */ = {isa = PBXFileReference; lastKnownFileType = text.plist.strings; name = en; path = en.lproj/InfoPlist.strings; sourceTree = "<group>"; };
		1F4930A716D93A9B0094672A /* GonePostalTests.h */ = {isa = PBXFileReference; lastKnownFileType = sourcecode.c.h; path = GonePostalTests.h; sourceTree = "<group>"; };
		1F4930A816D93A9B0094672A /* GonePostalTests.m */ = {isa = PBXFileReference; lastKnownFileType = sourcecode.c.objc; path = GonePostalTests.m; sourceTree = "<group>"; };
/* End PBXFileReference section */

/* Begin PBXFrameworksBuildPhase section */
		1F49307216D93A9B0094672A /* Frameworks */ = {
			isa = PBXFrameworksBuildPhase;
			buildActionMask = 2147483647;
			files = (
				1F49307916D93A9B0094672A /* Cocoa.framework in Frameworks */,
			);
			runOnlyForDeploymentPostprocessing = 0;
		};
		1F49309716D93A9B0094672A /* Frameworks */ = {
			isa = PBXFrameworksBuildPhase;
			buildActionMask = 2147483647;
			files = (
				1F49309D16D93A9B0094672A /* SenTestingKit.framework in Frameworks */,
				1F49309E16D93A9B0094672A /* Cocoa.framework in Frameworks */,
			);
			runOnlyForDeploymentPostprocessing = 0;
		};
/* End PBXFrameworksBuildPhase section */

/* Begin PBXGroup section */
		1F0EC69016D944C500427B4C /* DataModel */ = {
			isa = PBXGroup;
			children = (
				1F0EC68E16D9430D00427B4C /* GPDocument.xcdatamodel */,
				1F0EC79116D9F71F00427B4C /* Cancelations.h */,
				1F0EC79216D9F71F00427B4C /* Cancelations.m */,
				1F0EC78E16D9F70900427B4C /* BureauPrecancel.h */,
				1F0EC78F16D9F70900427B4C /* BureauPrecancel.m */,
				1F0EC6A116D9467B00427B4C /* AlternateCatalog.h */,
				1F0EC6A216D9467B00427B4C /* AlternateCatalog.m */,
				1F0EC6A316D9467B00427B4C /* AlternateCatalogGroup.h */,
				1F0EC6A416D9467B00427B4C /* AlternateCatalogGroup.m */,
				1F0EC6A516D9467B00427B4C /* AlternateCatalogName.h */,
				1F0EC6A616D9467B00427B4C /* AlternateCatalogName.m */,
				1F0EC6A916D9467B00427B4C /* Cachet.h */,
				1F0EC6AA16D9467B00427B4C /* Cachet.m */,
				1F0EC6AB16D9467B00427B4C /* CachetCatalogName.h */,
				1F0EC6AC16D9467B00427B4C /* CachetCatalogName.m */,
				1F0EC6AD16D9467B00427B4C /* CachetMakerName.h */,
				1F0EC6AE16D9467B00427B4C /* CachetMakerName.m */,
				1F0EC6B116D9467B00427B4C /* CancelQuality.h */,
				1F0EC6B216D9467B00427B4C /* CancelQuality.m */,
				1F0EC6B316D9467B00427B4C /* Centering.h */,
				1F0EC6B416D9467B00427B4C /* Centering.m */,
				1F0EC6B516D9467B00427B4C /* Country.h */,
				1F0EC6B616D9467B00427B4C /* Country.m */,
				1F0EC6B716D9467B00427B4C /* Dealer.h */,
				1F0EC6B816D9467B00427B4C /* Dealer.m */,
				1F0EC6B916D9467B00427B4C /* FDCIssueLocation.h */,
				1F0EC6BA16D9467B00427B4C /* FDCIssueLocation.m */,
				1F0EC6BB16D9467B00427B4C /* FirstFlight.h */,
				1F0EC6BC16D9467B00427B4C /* FirstFlight.m */,
				1F0EC6BD16D9467B00427B4C /* Format.h */,
				1F0EC6BE16D9467B00427B4C /* Format.m */,
				1F0EC6BF16D9467B00427B4C /* GPAddSubvariety.h */,
				1F0EC6C016D9467B00427B4C /* GPAddSubvariety.m */,
				1F0EC6C116D9467B00427B4C /* GPCatalog.h */,
				1F0EC6C216D9467B00427B4C /* GPCatalog.m */,
				1F0EC6C316D9467B00427B4C /* GPCatalog+Create.h */,
				1F0EC6C416D9467B00427B4C /* GPCatalog+Create.m */,
				1F0EC6C516D9467B00427B4C /* GPCatalog+Duplicate.h */,
				1F0EC6C616D9467B00427B4C /* GPCatalog+Duplicate.m */,
				1F0EC6C716D9467B00427B4C /* GPCatalogGroup.h */,
				1F0EC6C816D9467B00427B4C /* GPCatalogGroup.m */,
				1F0EC6C916D9467B00427B4C /* GPCatalogSet.h */,
				1F0EC6CA16D9467B00427B4C /* GPCatalogSet.m */,
				1F0EC6CB16D9467B00427B4C /* GPCollection.h */,
				1F0EC6CC16D9467B00427B4C /* GPCollection.m */,
				1F0EC6CD16D9467B00427B4C /* GPPicture.h */,
				1F0EC6CE16D9467B00427B4C /* GPPicture.m */,
				1F0EC6CF16D9467B00427B4C /* Grade.h */,
				1F0EC6D016D9467B00427B4C /* Grade.m */,
				1F0EC6D116D9467B00427B4C /* GumCondition.h */,
				1F0EC6D216D9467B00427B4C /* GumCondition.m */,
				1F0EC6D316D9467B00427B4C /* Hinged.h */,
				1F0EC6D416D9467B00427B4C /* Hinged.m */,
				1F0EC6D516D9467B00427B4C /* LocalPrecancel.h */,
				1F0EC6D616D9467B00427B4C /* LocalPrecancel.m */,
				1F0EC6D716D9467B00427B4C /* Location.h */,
				1F0EC6D816D9467B00427B4C /* Location.m */,
				1F0EC6D916D9467B00427B4C /* LooksLike.h */,
				1F0EC6DA16D9467B00427B4C /* LooksLike.m */,
				1F0EC6DB16D9467B00427B4C /* Lot.h */,
				1F0EC6DC16D9467B00427B4C /* Lot.m */,
				1F0EC6DD16D9467B00427B4C /* Mount.h */,
				1F0EC6DE16D9467B00427B4C /* Mount.m */,
				1F0EC6DF16D9467B00427B4C /* Perfin.h */,
				1F0EC6E016D9467B00427B4C /* Perfin.m */,
				1F0EC6E116D9467B00427B4C /* PictureType.h */,
				1F0EC6E216D9467B00427B4C /* PictureType.m */,
				1F0EC6E316D9467B00427B4C /* PlateNumber.h */,
				1F0EC6E416D9467B00427B4C /* PlateNumber.m */,
				1F0EC6E516D9467B00427B4C /* PlateNumberInfo.h */,
				1F0EC6E616D9467B00427B4C /* PlateNumberInfo.m */,
				1F0EC6E716D9467B00427B4C /* PlatePosition.h */,
				1F0EC6E816D9467B00427B4C /* PlatePosition.m */,
				1F0EC6E916D9467B00427B4C /* PlateUsage.h */,
				1F0EC6EA16D9467B00427B4C /* PlateUsage.m */,
				1F0EC6EB16D9467B00427B4C /* Soundness.h */,
				1F0EC6EC16D9467B00427B4C /* Soundness.m */,
				1F0EC6ED16D9467B00427B4C /* Stamp.h */,
				1F0EC6EE16D9467B00427B4C /* Stamp.m */,
				1F0EC6EF16D9467B00427B4C /* StampFormat.h */,
				1F0EC6F016D9467B00427B4C /* StampFormat.m */,
				1F0EC6F116D9467B00427B4C /* Topic.h */,
				1F0EC6F216D9467B00427B4C /* Topic.m */,
				1F0EC6F316D9467B00427B4C /* Valuation.h */,
				1F0EC6F416D9467B00427B4C /* Valuation.m */,
			);
			name = DataModel;
			sourceTree = "<group>";
		};
		1F0EC69116D9454B00427B4C /* CatalogViewControllers */ = {
			isa = PBXGroup;
			children = (
				1F0EC72B16D947AE00427B4C /* GPCatalogEditor.h */,
				1F0EC72C16D947AE00427B4C /* GPCatalogEditor.m */,
				1F0EC72516D947AE00427B4C /* GPAddToCatalogController.h */,
				1F0EC72616D947AE00427B4C /* GPAddToCatalogController.m */,
				1F0EC72716D947AE00427B4C /* GPCachetController.h */,
				1F0EC72816D947AE00427B4C /* GPCachetController.m */,
				1F0EC72D16D947AE00427B4C /* GPLooksLikeController.h */,
				1F0EC72E16D947AE00427B4C /* GPLooksLikeController.m */,
				1F0EC72F16D947AE00427B4C /* GPLooksLikeItemEditor.h */,
				1F0EC73016D947AE00427B4C /* GPLooksLikeItemEditor.m */,
				1F0EC73116D947AE00427B4C /* GPLooksLikePopoverController.h */,
				1F0EC73216D947AE00427B4C /* GPLooksLikePopoverController.m */,
				1F0EC73516D947AE00427B4C /* GPPlateUsageController.h */,
				1F0EC73616D947AE00427B4C /* GPPlateUsageController.m */,
				1F0EC73716D947AE00427B4C /* GPSetController.h */,
				1F0EC73816D947AE00427B4C /* GPSetController.m */,
				1F0EC78916D95C9300427B4C /* GPSetPopoverController.h */,
				1F0EC78A16D95C9300427B4C /* GPSetPopoverController.m */,
				1F0EC72916D947AE00427B4C /* GPCatalogDefaults.h */,
				1F0EC72A16D947AE00427B4C /* GPCatalogDefaults.m */,
				1F0EC73916D947AE00427B4C /* GPSupportedAltCatalogNamesController.h */,
				1F0EC73A16D947AE00427B4C /* GPSupportedAltCatalogNamesController.m */,
				1F0EC73B16D947AE00427B4C /* GPSupportedAltCatalogSectionsController.h */,
				1F0EC73C16D947AE00427B4C /* GPSupportedAltCatalogSectionsController.m */,
				1F0EC73D16D947AE00427B4C /* GPSupportedCachetCatalogsController.h */,
				1F0EC73E16D947AE00427B4C /* GPSupportedCachetCatalogsController.m */,
				1F0EC73F16D947AE00427B4C /* GPSupportedCachetMakersController.h */,
				1F0EC74016D947AE00427B4C /* GPSupportedCachetMakersController.m */,
				1F0EC74116D947AE00427B4C /* GPSupportedCountriesController.h */,
				1F0EC74216D947AE00427B4C /* GPSupportedCountriesController.m */,
				1F0EC74316D947AE00427B4C /* GPSupportedFormatsController.h */,
				1F0EC74416D947AE00427B4C /* GPSupportedFormatsController.m */,
				1F0EC74516D947AE00427B4C /* GPSupportedGroupsController.h */,
				1F0EC74616D947AE00427B4C /* GPSupportedGroupsController.m */,
				1F0EC73316D947AE00427B4C /* GPPlatePositionsController.h */,
				1F0EC73416D947AE00427B4C /* GPPlatePositionsController.m */,
			);
			name = CatalogViewControllers;
			sourceTree = "<group>";
		};
		1F0EC69216D9456000427B4C /* CatalogUI */ = {
			isa = PBXGroup;
			children = (
				1F0EC77A16D948EC00427B4C /* GPCatalogEditor.xib */,
				1F0EC75816D9481000427B4C /* GPAddSubvariety.xib */,
				1F0EC75916D9481000427B4C /* GPAddToCatalogController.xib */,
				1F0EC75A16D9481000427B4C /* GPCachetController.xib */,
				1F0EC75C16D9481000427B4C /* GPLooksLikeController.xib */,
				1F0EC75D16D9481000427B4C /* GPLooksLikeItemEditor.xib */,
				1F0EC75E16D9481000427B4C /* GPLooksLikePopoverController.xib */,
				1F0EC76016D9481000427B4C /* GPPlateUsage.xib */,
				1F0EC76116D9481000427B4C /* GPSetController.xib */,
				1F0EC78B16D95C9300427B4C /* GPSetPopoverController.xib */,
				1F0EC75B16D9481000427B4C /* GPCatalogDefaults.xib */,
				1F0EC76216D9481000427B4C /* GPSupportedAltCatalogNamesController.xib */,
				1F0EC76316D9481000427B4C /* GPSupportedAltCatalogSectionsController.xib */,
				1F0EC76416D9481000427B4C /* GPSupportedCachetCatalogsController.xib */,
				1F0EC76516D9481000427B4C /* GPSupportedCachetMakersController.xib */,
				1F0EC76616D9481000427B4C /* GPSupportedCountriesController.xib */,
				1F0EC76716D9481000427B4C /* GPSupportedFormatsController.xib */,
				1F0EC76816D9481000427B4C /* GPSupportedGroupsController.xib */,
				1F0EC75F16D9481000427B4C /* GPPlatePositionsController.xib */,
			);
			name = CatalogUI;
			sourceTree = "<group>";
		};
		1F0EC77C16D9492B00427B4C /* Transformers */ = {
			isa = PBXGroup;
			children = (
				1F0EC77D16D949A100427B4C /* GPAlternateCatalogNumberTransformer.h */,
				1F0EC77E16D949A100427B4C /* GPAlternateCatalogNumberTransformer.m */,
				1F0EC77F16D949A100427B4C /* GPEmptySetChecker.h */,
				1F0EC78016D949A100427B4C /* GPEmptySetChecker.m */,
				1F0EC78116D949A100427B4C /* GPFilenameTransformer.h */,
				1F0EC78216D949A100427B4C /* GPFilenameTransformer.m */,
				1F0EC78316D949A100427B4C /* GPPlateUsageExistsChecker.h */,
				1F0EC78416D949A100427B4C /* GPPlateUsageExistsChecker.m */,
			);
			name = Transformers;
			sourceTree = "<group>";
		};
		1F49306C16D93A9B0094672A = {
			isa = PBXGroup;
			children = (
				1F49307E16D93A9B0094672A /* GonePostal */,
				1F4930A116D93A9B0094672A /* GonePostalTests */,
				1F49307716D93A9B0094672A /* Frameworks */,
				1F49307616D93A9B0094672A /* Products */,
			);
			sourceTree = "<group>";
		};
		1F49307616D93A9B0094672A /* Products */ = {
			isa = PBXGroup;
			children = (
				1F49307516D93A9B0094672A /* GonePostal.app */,
				1F49309B16D93A9B0094672A /* GonePostalTests.octest */,
			);
			name = Products;
			sourceTree = "<group>";
		};
		1F49307716D93A9B0094672A /* Frameworks */ = {
			isa = PBXGroup;
			children = (
				1F49307816D93A9B0094672A /* Cocoa.framework */,
				1F49309C16D93A9B0094672A /* SenTestingKit.framework */,
				1F49307A16D93A9B0094672A /* Other Frameworks */,
			);
			name = Frameworks;
			sourceTree = "<group>";
		};
		1F49307A16D93A9B0094672A /* Other Frameworks */ = {
			isa = PBXGroup;
			children = (
				1F49307B16D93A9B0094672A /* AppKit.framework */,
				1F49307C16D93A9B0094672A /* CoreData.framework */,
				1F49307D16D93A9B0094672A /* Foundation.framework */,
			);
			name = "Other Frameworks";
			sourceTree = "<group>";
		};
		1F49307E16D93A9B0094672A /* GonePostal */ = {
			isa = PBXGroup;
			children = (
				1F0EC71F16D946E500427B4C /* AppDelegate.h */,
				1F0EC72016D946E500427B4C /* AppDelegate.m */,
				1F0EC72116D946E500427B4C /* NSPersistentDocument+FileWrapperSupport.h */,
				1F0EC72216D946E500427B4C /* NSPersistentDocument+FileWrapperSupport.m */,
				1F49308A16D93A9B0094672A /* GPDocument.h */,
				1F49308B16D93A9B0094672A /* GPDocument.m */,
				1F49308D16D93A9B0094672A /* GPDocument.xib */,
				1F49309016D93A9B0094672A /* MainMenu.xib */,
				1F0EC69116D9454B00427B4C /* CatalogViewControllers */,
				1F0EC69216D9456000427B4C /* CatalogUI */,
				1F0EC77C16D9492B00427B4C /* Transformers */,
				1F0EC69016D944C500427B4C /* DataModel */,
				1F49307F16D93A9B0094672A /* Supporting Files */,
			);
			path = GonePostal;
			sourceTree = "<group>";
		};
		1F49307F16D93A9B0094672A /* Supporting Files */ = {
			isa = PBXGroup;
			children = (
				1F0EC69316D945B500427B4C /* add_main_variety.jpg */,
				1F0EC69416D945B500427B4C /* add_minor_variation.jpg */,
				1F0EC69516D945B500427B4C /* add_subvariety.jpg */,
				1F0EC69616D945B500427B4C /* blank_stamp.jpg */,
				1F0EC69716D945B500427B4C /* duplicate_stamp.jpg */,
				1F0EC69816D945B500427B4C /* modify_stamp.jpg */,
				1F0EC69916D945B500427B4C /* remove_stamp.jpg */,
				1F49308016D93A9B0094672A /* GonePostal-Info.plist */,
				1F49308116D93A9B0094672A /* InfoPlist.strings */,
				1F49308416D93A9B0094672A /* main.m */,
				1F49308616D93A9B0094672A /* GonePostal-Prefix.pch */,
				1F49308716D93A9B0094672A /* Credits.rtf */,
			);
			name = "Supporting Files";
			sourceTree = "<group>";
		};
		1F4930A116D93A9B0094672A /* GonePostalTests */ = {
			isa = PBXGroup;
			children = (
				1F4930A716D93A9B0094672A /* GonePostalTests.h */,
				1F4930A816D93A9B0094672A /* GonePostalTests.m */,
				1F4930A216D93A9B0094672A /* Supporting Files */,
			);
			path = GonePostalTests;
			sourceTree = "<group>";
		};
		1F4930A216D93A9B0094672A /* Supporting Files */ = {
			isa = PBXGroup;
			children = (
				1F4930A316D93A9B0094672A /* GonePostalTests-Info.plist */,
				1F4930A416D93A9B0094672A /* InfoPlist.strings */,
			);
			name = "Supporting Files";
			sourceTree = "<group>";
		};
/* End PBXGroup section */

/* Begin PBXNativeTarget section */
		1F49307416D93A9B0094672A /* GonePostal */ = {
			isa = PBXNativeTarget;
			buildConfigurationList = 1F4930AC16D93A9B0094672A /* Build configuration list for PBXNativeTarget "GonePostal" */;
			buildPhases = (
				1F49307116D93A9B0094672A /* Sources */,
				1F49307216D93A9B0094672A /* Frameworks */,
				1F49307316D93A9B0094672A /* Resources */,
			);
			buildRules = (
			);
			dependencies = (
			);
			name = GonePostal;
			productName = GonePostal;
			productReference = 1F49307516D93A9B0094672A /* GonePostal.app */;
			productType = "com.apple.product-type.application";
		};
		1F49309A16D93A9B0094672A /* GonePostalTests */ = {
			isa = PBXNativeTarget;
			buildConfigurationList = 1F4930AF16D93A9B0094672A /* Build configuration list for PBXNativeTarget "GonePostalTests" */;
			buildPhases = (
				1F49309616D93A9B0094672A /* Sources */,
				1F49309716D93A9B0094672A /* Frameworks */,
				1F49309816D93A9B0094672A /* Resources */,
				1F49309916D93A9B0094672A /* ShellScript */,
			);
			buildRules = (
			);
			dependencies = (
				1F4930A016D93A9B0094672A /* PBXTargetDependency */,
			);
			name = GonePostalTests;
			productName = GonePostalTests;
			productReference = 1F49309B16D93A9B0094672A /* GonePostalTests.octest */;
			productType = "com.apple.product-type.bundle";
		};
/* End PBXNativeTarget section */

/* Begin PBXProject section */
		1F49306D16D93A9B0094672A /* Project object */ = {
			isa = PBXProject;
			attributes = {
				CLASSPREFIX = GP;
				LastUpgradeCheck = 0460;
				ORGANIZATIONNAME = "Travis Gruber";
			};
			buildConfigurationList = 1F49307016D93A9B0094672A /* Build configuration list for PBXProject "GonePostal" */;
			compatibilityVersion = "Xcode 3.2";
			developmentRegion = English;
			hasScannedForEncodings = 0;
			knownRegions = (
				en,
			);
			mainGroup = 1F49306C16D93A9B0094672A;
			productRefGroup = 1F49307616D93A9B0094672A /* Products */;
			projectDirPath = "";
			projectRoot = "";
			targets = (
				1F49307416D93A9B0094672A /* GonePostal */,
				1F49309A16D93A9B0094672A /* GonePostalTests */,
			);
		};
/* End PBXProject section */

/* Begin PBXResourcesBuildPhase section */
		1F49307316D93A9B0094672A /* Resources */ = {
			isa = PBXResourcesBuildPhase;
			buildActionMask = 2147483647;
			files = (
				1F49308316D93A9B0094672A /* InfoPlist.strings in Resources */,
				1F49308916D93A9B0094672A /* Credits.rtf in Resources */,
				1F49308F16D93A9B0094672A /* GPDocument.xib in Resources */,
				1F49309216D93A9B0094672A /* MainMenu.xib in Resources */,
				1F0EC69A16D945B500427B4C /* add_main_variety.jpg in Resources */,
				1F0EC69B16D945B500427B4C /* add_minor_variation.jpg in Resources */,
				1F0EC69C16D945B500427B4C /* add_subvariety.jpg in Resources */,
				1F0EC69D16D945B500427B4C /* blank_stamp.jpg in Resources */,
				1F0EC69E16D945B500427B4C /* duplicate_stamp.jpg in Resources */,
				1F0EC69F16D945B500427B4C /* modify_stamp.jpg in Resources */,
				1F0EC6A016D945B500427B4C /* remove_stamp.jpg in Resources */,
				1F0EC76916D9481000427B4C /* GPAddSubvariety.xib in Resources */,
				1F0EC76A16D9481000427B4C /* GPAddToCatalogController.xib in Resources */,
				1F0EC76B16D9481000427B4C /* GPCachetController.xib in Resources */,
				1F0EC76C16D9481000427B4C /* GPCatalogDefaults.xib in Resources */,
				1F0EC76D16D9481000427B4C /* GPLooksLikeController.xib in Resources */,
				1F0EC76E16D9481000427B4C /* GPLooksLikeItemEditor.xib in Resources */,
				1F0EC76F16D9481000427B4C /* GPLooksLikePopoverController.xib in Resources */,
				1F0EC77016D9481000427B4C /* GPPlatePositionsController.xib in Resources */,
				1F0EC77116D9481000427B4C /* GPPlateUsage.xib in Resources */,
				1F0EC77216D9481000427B4C /* GPSetController.xib in Resources */,
				1F0EC77316D9481000427B4C /* GPSupportedAltCatalogNamesController.xib in Resources */,
				1F0EC77416D9481000427B4C /* GPSupportedAltCatalogSectionsController.xib in Resources */,
				1F0EC77516D9481000427B4C /* GPSupportedCachetCatalogsController.xib in Resources */,
				1F0EC77616D9481000427B4C /* GPSupportedCachetMakersController.xib in Resources */,
				1F0EC77716D9481000427B4C /* GPSupportedCountriesController.xib in Resources */,
				1F0EC77816D9481000427B4C /* GPSupportedFormatsController.xib in Resources */,
				1F0EC77916D9481000427B4C /* GPSupportedGroupsController.xib in Resources */,
				1F0EC77B16D948EC00427B4C /* GPCatalogEditor.xib in Resources */,
				1F0EC78D16D95C9300427B4C /* GPSetPopoverController.xib in Resources */,
			);
			runOnlyForDeploymentPostprocessing = 0;
		};
		1F49309816D93A9B0094672A /* Resources */ = {
			isa = PBXResourcesBuildPhase;
			buildActionMask = 2147483647;
			files = (
				1F4930A616D93A9B0094672A /* InfoPlist.strings in Resources */,
			);
			runOnlyForDeploymentPostprocessing = 0;
		};
/* End PBXResourcesBuildPhase section */

/* Begin PBXShellScriptBuildPhase section */
		1F49309916D93A9B0094672A /* ShellScript */ = {
			isa = PBXShellScriptBuildPhase;
			buildActionMask = 2147483647;
			files = (
			);
			inputPaths = (
			);
			outputPaths = (
			);
			runOnlyForDeploymentPostprocessing = 0;
			shellPath = /bin/sh;
			shellScript = "# Run the unit tests in this test bundle.\n\"${SYSTEM_DEVELOPER_DIR}/Tools/RunUnitTests\"\n";
		};
/* End PBXShellScriptBuildPhase section */

/* Begin PBXSourcesBuildPhase section */
		1F49307116D93A9B0094672A /* Sources */ = {
			isa = PBXSourcesBuildPhase;
			buildActionMask = 2147483647;
			files = (
				1F49308516D93A9B0094672A /* main.m in Sources */,
				1F49308C16D93A9B0094672A /* GPDocument.m in Sources */,
				1F0EC68F16D9430D00427B4C /* GPDocument.xcdatamodel in Sources */,
				1F0EC6F516D9467B00427B4C /* AlternateCatalog.m in Sources */,
				1F0EC6F616D9467B00427B4C /* AlternateCatalogGroup.m in Sources */,
				1F0EC6F716D9467B00427B4C /* AlternateCatalogName.m in Sources */,
				1F0EC6F916D9467B00427B4C /* Cachet.m in Sources */,
				1F0EC6FA16D9467B00427B4C /* CachetCatalogName.m in Sources */,
				1F0EC6FB16D9467B00427B4C /* CachetMakerName.m in Sources */,
				1F0EC6FD16D9467B00427B4C /* CancelQuality.m in Sources */,
				1F0EC6FE16D9467B00427B4C /* Centering.m in Sources */,
				1F0EC6FF16D9467B00427B4C /* Country.m in Sources */,
				1F0EC70016D9467B00427B4C /* Dealer.m in Sources */,
				1F0EC70116D9467B00427B4C /* FDCIssueLocation.m in Sources */,
				1F0EC70216D9467B00427B4C /* FirstFlight.m in Sources */,
				1F0EC70316D9467B00427B4C /* Format.m in Sources */,
				1F0EC70416D9467B00427B4C /* GPAddSubvariety.m in Sources */,
				1F0EC70516D9467B00427B4C /* GPCatalog.m in Sources */,
				1F0EC70616D9467B00427B4C /* GPCatalog+Create.m in Sources */,
				1F0EC70716D9467B00427B4C /* GPCatalog+Duplicate.m in Sources */,
				1F0EC70816D9467B00427B4C /* GPCatalogGroup.m in Sources */,
				1F0EC70916D9467B00427B4C /* GPCatalogSet.m in Sources */,
				1F0EC70A16D9467B00427B4C /* GPCollection.m in Sources */,
				1F0EC70B16D9467B00427B4C /* GPPicture.m in Sources */,
				1F0EC70C16D9467B00427B4C /* Grade.m in Sources */,
				1F0EC70D16D9467B00427B4C /* GumCondition.m in Sources */,
				1F0EC70E16D9467B00427B4C /* Hinged.m in Sources */,
				1F0EC70F16D9467B00427B4C /* LocalPrecancel.m in Sources */,
				1F0EC71016D9467B00427B4C /* Location.m in Sources */,
				1F0EC71116D9467B00427B4C /* LooksLike.m in Sources */,
				1F0EC71216D9467B00427B4C /* Lot.m in Sources */,
				1F0EC71316D9467B00427B4C /* Mount.m in Sources */,
				1F0EC71416D9467B00427B4C /* Perfin.m in Sources */,
				1F0EC71516D9467B00427B4C /* PictureType.m in Sources */,
				1F0EC71616D9467B00427B4C /* PlateNumber.m in Sources */,
				1F0EC71716D9467B00427B4C /* PlateNumberInfo.m in Sources */,
				1F0EC71816D9467B00427B4C /* PlatePosition.m in Sources */,
				1F0EC71916D9467B00427B4C /* PlateUsage.m in Sources */,
				1F0EC71A16D9467B00427B4C /* Soundness.m in Sources */,
				1F0EC71B16D9467B00427B4C /* Stamp.m in Sources */,
				1F0EC71C16D9467B00427B4C /* StampFormat.m in Sources */,
				1F0EC71D16D9467B00427B4C /* Topic.m in Sources */,
				1F0EC71E16D9467B00427B4C /* Valuation.m in Sources */,
				1F0EC72316D946E500427B4C /* AppDelegate.m in Sources */,
				1F0EC72416D946E500427B4C /* NSPersistentDocument+FileWrapperSupport.m in Sources */,
				1F0EC74716D947AE00427B4C /* GPAddToCatalogController.m in Sources */,
				1F0EC74816D947AE00427B4C /* GPCachetController.m in Sources */,
				1F0EC74916D947AE00427B4C /* GPCatalogDefaults.m in Sources */,
				1F0EC74A16D947AE00427B4C /* GPCatalogEditor.m in Sources */,
				1F0EC74B16D947AE00427B4C /* GPLooksLikeController.m in Sources */,
				1F0EC74C16D947AE00427B4C /* GPLooksLikeItemEditor.m in Sources */,
				1F0EC74D16D947AE00427B4C /* GPLooksLikePopoverController.m in Sources */,
				1F0EC74E16D947AE00427B4C /* GPPlatePositionsController.m in Sources */,
				1F0EC74F16D947AE00427B4C /* GPPlateUsageController.m in Sources */,
				1F0EC75016D947AE00427B4C /* GPSetController.m in Sources */,
				1F0EC75116D947AE00427B4C /* GPSupportedAltCatalogNamesController.m in Sources */,
				1F0EC75216D947AE00427B4C /* GPSupportedAltCatalogSectionsController.m in Sources */,
				1F0EC75316D947AE00427B4C /* GPSupportedCachetCatalogsController.m in Sources */,
				1F0EC75416D947AE00427B4C /* GPSupportedCachetMakersController.m in Sources */,
				1F0EC75516D947AE00427B4C /* GPSupportedCountriesController.m in Sources */,
				1F0EC75616D947AE00427B4C /* GPSupportedFormatsController.m in Sources */,
				1F0EC75716D947AE00427B4C /* GPSupportedGroupsController.m in Sources */,
				1F0EC78516D949A100427B4C /* GPAlternateCatalogNumberTransformer.m in Sources */,
				1F0EC78616D949A100427B4C /* GPEmptySetChecker.m in Sources */,
				1F0EC78716D949A100427B4C /* GPFilenameTransformer.m in Sources */,
				1F0EC78816D949A100427B4C /* GPPlateUsageExistsChecker.m in Sources */,
				1F0EC78C16D95C9300427B4C /* GPSetPopoverController.m in Sources */,
				1F0EC79016D9F70900427B4C /* BureauPrecancel.m in Sources */,
				1F0EC79316D9F71F00427B4C /* Cancelations.m in Sources */,
			);
			runOnlyForDeploymentPostprocessing = 0;
		};
		1F49309616D93A9B0094672A /* Sources */ = {
			isa = PBXSourcesBuildPhase;
			buildActionMask = 2147483647;
			files = (
				1F4930A916D93A9B0094672A /* GonePostalTests.m in Sources */,
			);
			runOnlyForDeploymentPostprocessing = 0;
		};
/* End PBXSourcesBuildPhase section */

/* Begin PBXTargetDependency section */
		1F4930A016D93A9B0094672A /* PBXTargetDependency */ = {
			isa = PBXTargetDependency;
			target = 1F49307416D93A9B0094672A /* GonePostal */;
			targetProxy = 1F49309F16D93A9B0094672A /* PBXContainerItemProxy */;
		};
/* End PBXTargetDependency section */

/* Begin PBXVariantGroup section */
		1F49308116D93A9B0094672A /* InfoPlist.strings */ = {
			isa = PBXVariantGroup;
			children = (
				1F49308216D93A9B0094672A /* en */,
			);
			name = InfoPlist.strings;
			sourceTree = "<group>";
		};
		1F49308716D93A9B0094672A /* Credits.rtf */ = {
			isa = PBXVariantGroup;
			children = (
				1F49308816D93A9B0094672A /* en */,
			);
			name = Credits.rtf;
			sourceTree = "<group>";
		};
		1F49308D16D93A9B0094672A /* GPDocument.xib */ = {
			isa = PBXVariantGroup;
			children = (
				1F49308E16D93A9B0094672A /* en */,
			);
			name = GPDocument.xib;
			sourceTree = "<group>";
		};
		1F49309016D93A9B0094672A /* MainMenu.xib */ = {
			isa = PBXVariantGroup;
			children = (
				1F49309116D93A9B0094672A /* en */,
			);
			name = MainMenu.xib;
			sourceTree = "<group>";
		};
		1F4930A416D93A9B0094672A /* InfoPlist.strings */ = {
			isa = PBXVariantGroup;
			children = (
				1F4930A516D93A9B0094672A /* en */,
			);
			name = InfoPlist.strings;
			sourceTree = "<group>";
		};
/* End PBXVariantGroup section */

/* Begin XCBuildConfiguration section */
		1F4930AA16D93A9B0094672A /* Debug */ = {
			isa = XCBuildConfiguration;
			buildSettings = {
				ALWAYS_SEARCH_USER_PATHS = NO;
				ARCHS = "$(ARCHS_STANDARD_64_BIT)";
				CLANG_CXX_LANGUAGE_STANDARD = "gnu++0x";
				CLANG_CXX_LIBRARY = "libc++";
				CLANG_ENABLE_OBJC_ARC = YES;
				CLANG_WARN_CONSTANT_CONVERSION = YES;
				CLANG_WARN_EMPTY_BODY = YES;
				CLANG_WARN_ENUM_CONVERSION = YES;
				CLANG_WARN_INT_CONVERSION = YES;
				CLANG_WARN__DUPLICATE_METHOD_MATCH = YES;
				COPY_PHASE_STRIP = NO;
				GCC_C_LANGUAGE_STANDARD = gnu99;
				GCC_DYNAMIC_NO_PIC = NO;
				GCC_ENABLE_OBJC_EXCEPTIONS = YES;
				GCC_OPTIMIZATION_LEVEL = 0;
				GCC_PREPROCESSOR_DEFINITIONS = (
					"DEBUG=1",
					"$(inherited)",
				);
				GCC_SYMBOLS_PRIVATE_EXTERN = NO;
				GCC_WARN_64_TO_32_BIT_CONVERSION = YES;
				GCC_WARN_ABOUT_RETURN_TYPE = YES;
				GCC_WARN_UNINITIALIZED_AUTOS = YES;
				GCC_WARN_UNUSED_VARIABLE = YES;
				MACOSX_DEPLOYMENT_TARGET = 10.8;
				ONLY_ACTIVE_ARCH = YES;
				SDKROOT = macosx;
			};
			name = Debug;
		};
		1F4930AB16D93A9B0094672A /* Release */ = {
			isa = XCBuildConfiguration;
			buildSettings = {
				ALWAYS_SEARCH_USER_PATHS = NO;
				ARCHS = "$(ARCHS_STANDARD_64_BIT)";
				CLANG_CXX_LANGUAGE_STANDARD = "gnu++0x";
				CLANG_CXX_LIBRARY = "libc++";
				CLANG_ENABLE_OBJC_ARC = YES;
				CLANG_WARN_CONSTANT_CONVERSION = YES;
				CLANG_WARN_EMPTY_BODY = YES;
				CLANG_WARN_ENUM_CONVERSION = YES;
				CLANG_WARN_INT_CONVERSION = YES;
				CLANG_WARN__DUPLICATE_METHOD_MATCH = YES;
				COPY_PHASE_STRIP = YES;
				DEBUG_INFORMATION_FORMAT = "dwarf-with-dsym";
				GCC_C_LANGUAGE_STANDARD = gnu99;
				GCC_ENABLE_OBJC_EXCEPTIONS = YES;
				GCC_WARN_64_TO_32_BIT_CONVERSION = YES;
				GCC_WARN_ABOUT_RETURN_TYPE = YES;
				GCC_WARN_UNINITIALIZED_AUTOS = YES;
				GCC_WARN_UNUSED_VARIABLE = YES;
				MACOSX_DEPLOYMENT_TARGET = 10.8;
				SDKROOT = macosx;
			};
			name = Release;
		};
		1F4930AD16D93A9B0094672A /* Debug */ = {
			isa = XCBuildConfiguration;
			buildSettings = {
				COMBINE_HIDPI_IMAGES = YES;
				GCC_PRECOMPILE_PREFIX_HEADER = YES;
				GCC_PREFIX_HEADER = "GonePostal/GonePostal-Prefix.pch";
				INFOPLIST_FILE = "GonePostal/GonePostal-Info.plist";
				PRODUCT_NAME = "$(TARGET_NAME)";
				WRAPPER_EXTENSION = app;
			};
			name = Debug;
		};
		1F4930AE16D93A9B0094672A /* Release */ = {
			isa = XCBuildConfiguration;
			buildSettings = {
				COMBINE_HIDPI_IMAGES = YES;
				GCC_PRECOMPILE_PREFIX_HEADER = YES;
				GCC_PREFIX_HEADER = "GonePostal/GonePostal-Prefix.pch";
				INFOPLIST_FILE = "GonePostal/GonePostal-Info.plist";
				PRODUCT_NAME = "$(TARGET_NAME)";
				WRAPPER_EXTENSION = app;
			};
			name = Release;
		};
		1F4930B016D93A9B0094672A /* Debug */ = {
			isa = XCBuildConfiguration;
			buildSettings = {
				BUNDLE_LOADER = "$(BUILT_PRODUCTS_DIR)/GonePostal.app/Contents/MacOS/GonePostal";
				COMBINE_HIDPI_IMAGES = YES;
				FRAMEWORK_SEARCH_PATHS = "\"$(DEVELOPER_LIBRARY_DIR)/Frameworks\"";
				GCC_PRECOMPILE_PREFIX_HEADER = YES;
				GCC_PREFIX_HEADER = "GonePostal/GonePostal-Prefix.pch";
				INFOPLIST_FILE = "GonePostalTests/GonePostalTests-Info.plist";
				PRODUCT_NAME = "$(TARGET_NAME)";
				TEST_HOST = "$(BUNDLE_LOADER)";
				WRAPPER_EXTENSION = octest;
			};
			name = Debug;
		};
		1F4930B116D93A9B0094672A /* Release */ = {
			isa = XCBuildConfiguration;
			buildSettings = {
				BUNDLE_LOADER = "$(BUILT_PRODUCTS_DIR)/GonePostal.app/Contents/MacOS/GonePostal";
				COMBINE_HIDPI_IMAGES = YES;
				FRAMEWORK_SEARCH_PATHS = "\"$(DEVELOPER_LIBRARY_DIR)/Frameworks\"";
				GCC_PRECOMPILE_PREFIX_HEADER = YES;
				GCC_PREFIX_HEADER = "GonePostal/GonePostal-Prefix.pch";
				INFOPLIST_FILE = "GonePostalTests/GonePostalTests-Info.plist";
				PRODUCT_NAME = "$(TARGET_NAME)";
				TEST_HOST = "$(BUNDLE_LOADER)";
				WRAPPER_EXTENSION = octest;
			};
			name = Release;
		};
/* End XCBuildConfiguration section */

/* Begin XCConfigurationList section */
		1F49307016D93A9B0094672A /* Build configuration list for PBXProject "GonePostal" */ = {
			isa = XCConfigurationList;
			buildConfigurations = (
				1F4930AA16D93A9B0094672A /* Debug */,
				1F4930AB16D93A9B0094672A /* Release */,
			);
			defaultConfigurationIsVisible = 0;
			defaultConfigurationName = Release;
		};
		1F4930AC16D93A9B0094672A /* Build configuration list for PBXNativeTarget "GonePostal" */ = {
			isa = XCConfigurationList;
			buildConfigurations = (
				1F4930AD16D93A9B0094672A /* Debug */,
				1F4930AE16D93A9B0094672A /* Release */,
			);
			defaultConfigurationIsVisible = 0;
			defaultConfigurationName = Release;
		};
		1F4930AF16D93A9B0094672A /* Build configuration list for PBXNativeTarget "GonePostalTests" */ = {
			isa = XCConfigurationList;
			buildConfigurations = (
				1F4930B016D93A9B0094672A /* Debug */,
				1F4930B116D93A9B0094672A /* Release */,
			);
			defaultConfigurationIsVisible = 0;
			defaultConfigurationName = Release;
		};
/* End XCConfigurationList section */
	};
	rootObject = 1F49306D16D93A9B0094672A /* Project object */;
}
